<?xml version="1.0" encoding="UTF-8"?>
<!DOCTYPE plist PUBLIC "-//Apple//DTD PLIST 1.0//EN" "http://www.apple.com/DTDs/PropertyList-1.0.dtd">
<plist version="1.0">
<dict>
	<key>archiveVersion</key>
	<string>1</string>
	<key>classes</key>
	<dict/>
	<key>objectVersion</key>
	<string>46</string>
	<key>objects</key>
	<dict>
		<key>364D6FCE0E274438AF68DAAD</key>
		<dict>
			<key>buildActionMask</key>
			<string>2147483647</string>
			<key>files</key>
			<array/>
			<key>inputPaths</key>
			<array/>
			<key>isa</key>
			<string>PBXShellScriptBuildPhase</string>
			<key>name</key>
			<string>Copy Pods Resources</string>
			<key>outputPaths</key>
			<array/>
			<key>runOnlyForDeploymentPostprocessing</key>
			<string>0</string>
			<key>shellPath</key>
			<string>/bin/sh</string>
			<key>shellScript</key>
			<string>"${SRCROOT}/Pods/Pods-resources.sh"
</string>
			<key>showEnvVarsInLog</key>
			<string>0</string>
		</dict>
		<key>4C2A7A3C27C54E39B75E3ECC</key>
		<dict>
			<key>includeInIndex</key>
			<string>1</string>
			<key>isa</key>
			<string>PBXFileReference</string>
			<key>lastKnownFileType</key>
			<string>text.xcconfig</string>
			<key>name</key>
			<string>Pods.xcconfig</string>
			<key>path</key>
			<string>Pods/Pods.xcconfig</string>
			<key>sourceTree</key>
			<string>&lt;group&gt;</string>
		</dict>
		<key>830337E9E1DF4B36A6C443A6</key>
		<dict>
			<key>explicitFileType</key>
			<string>archive.ar</string>
			<key>includeInIndex</key>
			<string>0</string>
			<key>isa</key>
			<string>PBXFileReference</string>
			<key>path</key>
			<string>libPods.a</string>
			<key>sourceTree</key>
			<string>BUILT_PRODUCTS_DIR</string>
		</dict>
		<key>B1889F0A1317427DB721A6BB</key>
		<dict>
			<key>fileRef</key>
			<string>830337E9E1DF4B36A6C443A6</string>
			<key>isa</key>
			<string>PBXBuildFile</string>
		</dict>
		<key>CB876FE091174DA7AD4C2AC5</key>
		<dict>
			<key>buildActionMask</key>
			<string>2147483647</string>
			<key>files</key>
			<array/>
			<key>inputPaths</key>
			<array/>
			<key>isa</key>
			<string>PBXShellScriptBuildPhase</string>
			<key>name</key>
			<string>Check Pods Manifest.lock</string>
			<key>outputPaths</key>
			<array/>
			<key>runOnlyForDeploymentPostprocessing</key>
			<string>0</string>
			<key>shellPath</key>
			<string>/bin/sh</string>
			<key>shellScript</key>
			<string>diff "${PODS_ROOT}/../Podfile.lock" "${PODS_ROOT}/Manifest.lock" &gt; /dev/null
if [[ $? != 0 ]] ; then
    cat &lt;&lt; EOM
error: The sandbox is not in sync with the Podfile.lock. Run 'pod install' or update your CocoaPods installation.
EOM
    exit 1
fi
</string>
			<key>showEnvVarsInLog</key>
			<string>0</string>
		</dict>
		<key>D81B511D18DE69BF00E73E6C</key>
		<dict>
			<key>children</key>
			<array>
				<string>D81B512F18DE69BF00E73E6C</string>
				<string>D81B514818DE69BF00E73E6C</string>
				<string>D81B512818DE69BF00E73E6C</string>
				<string>D81B512718DE69BF00E73E6C</string>
				<string>4C2A7A3C27C54E39B75E3ECC</string>
			</array>
			<key>isa</key>
			<string>PBXGroup</string>
			<key>sourceTree</key>
			<string>&lt;group&gt;</string>
		</dict>
		<key>D81B511E18DE69BF00E73E6C</key>
		<dict>
			<key>attributes</key>
			<dict>
				<key>CLASSPREFIX</key>
				<string>RIP</string>
				<key>LastUpgradeCheck</key>
				<string>0510</string>
				<key>ORGANIZATIONNAME</key>
				<string>Joe Newbry</string>
				<key>TargetAttributes</key>
				<dict>
					<key>D81B514018DE69BF00E73E6C</key>
					<dict>
						<key>TestTargetID</key>
						<string>D81B512518DE69BF00E73E6C</string>
					</dict>
				</dict>
			</dict>
			<key>buildConfigurationList</key>
			<string>D81B512118DE69BF00E73E6C</string>
			<key>compatibilityVersion</key>
			<string>Xcode 3.2</string>
			<key>developmentRegion</key>
			<string>English</string>
			<key>hasScannedForEncodings</key>
			<string>0</string>
			<key>isa</key>
			<string>PBXProject</string>
			<key>knownRegions</key>
			<array>
				<string>en</string>
			</array>
			<key>mainGroup</key>
			<string>D81B511D18DE69BF00E73E6C</string>
			<key>productRefGroup</key>
			<string>D81B512718DE69BF00E73E6C</string>
			<key>projectDirPath</key>
			<string></string>
			<key>projectReferences</key>
			<array/>
			<key>projectRoot</key>
			<string></string>
			<key>targets</key>
			<array>
				<string>D81B512518DE69BF00E73E6C</string>
				<string>D81B514018DE69BF00E73E6C</string>
			</array>
		</dict>
		<key>D81B512118DE69BF00E73E6C</key>
		<dict>
			<key>buildConfigurations</key>
			<array>
				<string>D81B515018DE69BF00E73E6C</string>
				<string>D81B515118DE69BF00E73E6C</string>
			</array>
			<key>defaultConfigurationIsVisible</key>
			<string>0</string>
			<key>defaultConfigurationName</key>
			<string>Release</string>
			<key>isa</key>
			<string>XCConfigurationList</string>
		</dict>
		<key>D81B512218DE69BF00E73E6C</key>
		<dict>
			<key>buildActionMask</key>
			<string>2147483647</string>
			<key>files</key>
			<array>
				<string>D81B513A18DE69BF00E73E6C</string>
				<string>D81B513618DE69BF00E73E6C</string>
			</array>
			<key>isa</key>
			<string>PBXSourcesBuildPhase</string>
			<key>runOnlyForDeploymentPostprocessing</key>
			<string>0</string>
		</dict>
		<key>D81B512318DE69BF00E73E6C</key>
		<dict>
			<key>buildActionMask</key>
			<string>2147483647</string>
			<key>files</key>
			<array>
				<string>D81B512C18DE69BF00E73E6C</string>
				<string>D81B512E18DE69BF00E73E6C</string>
				<string>D81B512A18DE69BF00E73E6C</string>
				<string>B1889F0A1317427DB721A6BB</string>
			</array>
			<key>isa</key>
			<string>PBXFrameworksBuildPhase</string>
			<key>runOnlyForDeploymentPostprocessing</key>
			<string>0</string>
		</dict>
		<key>D81B512418DE69BF00E73E6C</key>
		<dict>
			<key>buildActionMask</key>
			<string>2147483647</string>
			<key>files</key>
			<array>
				<string>D81B513418DE69BF00E73E6C</string>
				<string>D81B513C18DE69BF00E73E6C</string>
			</array>
			<key>isa</key>
			<string>PBXResourcesBuildPhase</string>
			<key>runOnlyForDeploymentPostprocessing</key>
			<string>0</string>
		</dict>
		<key>D81B512518DE69BF00E73E6C</key>
		<dict>
			<key>buildConfigurationList</key>
			<string>D81B515218DE69BF00E73E6C</string>
			<key>buildPhases</key>
			<array>
				<string>CB876FE091174DA7AD4C2AC5</string>
				<string>D81B512218DE69BF00E73E6C</string>
				<string>D81B512318DE69BF00E73E6C</string>
				<string>D81B512418DE69BF00E73E6C</string>
				<string>364D6FCE0E274438AF68DAAD</string>
			</array>
			<key>buildRules</key>
			<array/>
			<key>dependencies</key>
			<array/>
			<key>isa</key>
			<string>PBXNativeTarget</string>
			<key>name</key>
			<string>Ripple</string>
			<key>productName</key>
			<string>Ripple</string>
			<key>productReference</key>
			<string>D81B512618DE69BF00E73E6C</string>
			<key>productType</key>
			<string>com.apple.product-type.application</string>
		</dict>
		<key>D81B512618DE69BF00E73E6C</key>
		<dict>
			<key>explicitFileType</key>
			<string>wrapper.application</string>
			<key>includeInIndex</key>
			<string>0</string>
			<key>isa</key>
			<string>PBXFileReference</string>
			<key>path</key>
			<string>Ripple.app</string>
			<key>sourceTree</key>
			<string>BUILT_PRODUCTS_DIR</string>
		</dict>
		<key>D81B512718DE69BF00E73E6C</key>
		<dict>
			<key>children</key>
			<array>
				<string>D81B512618DE69BF00E73E6C</string>
				<string>D81B514118DE69BF00E73E6C</string>
			</array>
			<key>isa</key>
			<string>PBXGroup</string>
			<key>name</key>
			<string>Products</string>
			<key>sourceTree</key>
			<string>&lt;group&gt;</string>
		</dict>
		<key>D81B512818DE69BF00E73E6C</key>
		<dict>
			<key>children</key>
			<array>
				<string>D81B512918DE69BF00E73E6C</string>
				<string>D81B512B18DE69BF00E73E6C</string>
				<string>D81B512D18DE69BF00E73E6C</string>
				<string>D81B514218DE69BF00E73E6C</string>
				<string>830337E9E1DF4B36A6C443A6</string>
			</array>
			<key>isa</key>
			<string>PBXGroup</string>
			<key>name</key>
			<string>Frameworks</string>
			<key>sourceTree</key>
			<string>&lt;group&gt;</string>
		</dict>
		<key>D81B512918DE69BF00E73E6C</key>
		<dict>
			<key>isa</key>
			<string>PBXFileReference</string>
			<key>lastKnownFileType</key>
			<string>wrapper.framework</string>
			<key>name</key>
			<string>Foundation.framework</string>
			<key>path</key>
			<string>System/Library/Frameworks/Foundation.framework</string>
			<key>sourceTree</key>
			<string>SDKROOT</string>
		</dict>
		<key>D81B512A18DE69BF00E73E6C</key>
		<dict>
			<key>fileRef</key>
			<string>D81B512918DE69BF00E73E6C</string>
			<key>isa</key>
			<string>PBXBuildFile</string>
		</dict>
		<key>D81B512B18DE69BF00E73E6C</key>
		<dict>
			<key>isa</key>
			<string>PBXFileReference</string>
			<key>lastKnownFileType</key>
			<string>wrapper.framework</string>
			<key>name</key>
			<string>CoreGraphics.framework</string>
			<key>path</key>
			<string>System/Library/Frameworks/CoreGraphics.framework</string>
			<key>sourceTree</key>
			<string>SDKROOT</string>
		</dict>
		<key>D81B512C18DE69BF00E73E6C</key>
		<dict>
			<key>fileRef</key>
			<string>D81B512B18DE69BF00E73E6C</string>
			<key>isa</key>
			<string>PBXBuildFile</string>
		</dict>
		<key>D81B512D18DE69BF00E73E6C</key>
		<dict>
			<key>isa</key>
			<string>PBXFileReference</string>
			<key>lastKnownFileType</key>
			<string>wrapper.framework</string>
			<key>name</key>
			<string>UIKit.framework</string>
			<key>path</key>
			<string>System/Library/Frameworks/UIKit.framework</string>
			<key>sourceTree</key>
			<string>SDKROOT</string>
		</dict>
		<key>D81B512E18DE69BF00E73E6C</key>
		<dict>
			<key>fileRef</key>
			<string>D81B512D18DE69BF00E73E6C</string>
			<key>isa</key>
			<string>PBXBuildFile</string>
		</dict>
		<key>D81B512F18DE69BF00E73E6C</key>
		<dict>
			<key>children</key>
			<array>
				<string>D81B513818DE69BF00E73E6C</string>
				<string>D81B513918DE69BF00E73E6C</string>
				<string>D81B513B18DE69BF00E73E6C</string>
				<string>D81B513018DE69BF00E73E6C</string>
			</array>
			<key>isa</key>
			<string>PBXGroup</string>
			<key>path</key>
			<string>Ripple</string>
			<key>sourceTree</key>
			<string>&lt;group&gt;</string>
		</dict>
		<key>D81B513018DE69BF00E73E6C</key>
		<dict>
			<key>children</key>
			<array>
				<string>D81B513118DE69BF00E73E6C</string>
				<string>D81B513218DE69BF00E73E6C</string>
				<string>D81B513518DE69BF00E73E6C</string>
				<string>D81B513718DE69BF00E73E6C</string>
			</array>
			<key>isa</key>
			<string>PBXGroup</string>
			<key>name</key>
			<string>Supporting Files</string>
			<key>sourceTree</key>
			<string>&lt;group&gt;</string>
		</dict>
		<key>D81B513118DE69BF00E73E6C</key>
		<dict>
			<key>isa</key>
			<string>PBXFileReference</string>
			<key>lastKnownFileType</key>
			<string>text.plist.xml</string>
			<key>path</key>
			<string>Ripple-Info.plist</string>
			<key>sourceTree</key>
			<string>&lt;group&gt;</string>
		</dict>
		<key>D81B513218DE69BF00E73E6C</key>
		<dict>
			<key>children</key>
			<array>
				<string>D81B513318DE69BF00E73E6C</string>
			</array>
			<key>isa</key>
			<string>PBXVariantGroup</string>
			<key>name</key>
			<string>InfoPlist.strings</string>
			<key>sourceTree</key>
			<string>&lt;group&gt;</string>
		</dict>
		<key>D81B513318DE69BF00E73E6C</key>
		<dict>
			<key>isa</key>
			<string>PBXFileReference</string>
			<key>lastKnownFileType</key>
			<string>text.plist.strings</string>
			<key>name</key>
			<string>en</string>
			<key>path</key>
			<string>en.lproj/InfoPlist.strings</string>
			<key>sourceTree</key>
			<string>&lt;group&gt;</string>
		</dict>
		<key>D81B513418DE69BF00E73E6C</key>
		<dict>
			<key>fileRef</key>
			<string>D81B513218DE69BF00E73E6C</string>
			<key>isa</key>
			<string>PBXBuildFile</string>
		</dict>
		<key>D81B513518DE69BF00E73E6C</key>
		<dict>
			<key>isa</key>
			<string>PBXFileReference</string>
			<key>lastKnownFileType</key>
			<string>sourcecode.c.objc</string>
			<key>path</key>
			<string>main.m</string>
			<key>sourceTree</key>
			<string>&lt;group&gt;</string>
		</dict>
		<key>D81B513618DE69BF00E73E6C</key>
		<dict>
			<key>fileRef</key>
			<string>D81B513518DE69BF00E73E6C</string>
			<key>isa</key>
			<string>PBXBuildFile</string>
		</dict>
		<key>D81B513718DE69BF00E73E6C</key>
		<dict>
			<key>isa</key>
			<string>PBXFileReference</string>
			<key>lastKnownFileType</key>
			<string>sourcecode.c.h</string>
			<key>path</key>
			<string>Ripple-Prefix.pch</string>
			<key>sourceTree</key>
			<string>&lt;group&gt;</string>
		</dict>
		<key>D81B513818DE69BF00E73E6C</key>
		<dict>
			<key>isa</key>
			<string>PBXFileReference</string>
			<key>lastKnownFileType</key>
			<string>sourcecode.c.h</string>
			<key>path</key>
			<string>RIPAppDelegate.h</string>
			<key>sourceTree</key>
			<string>&lt;group&gt;</string>
		</dict>
		<key>D81B513918DE69BF00E73E6C</key>
		<dict>
			<key>isa</key>
			<string>PBXFileReference</string>
			<key>lastKnownFileType</key>
			<string>sourcecode.c.objc</string>
			<key>path</key>
			<string>RIPAppDelegate.m</string>
			<key>sourceTree</key>
			<string>&lt;group&gt;</string>
		</dict>
		<key>D81B513A18DE69BF00E73E6C</key>
		<dict>
			<key>fileRef</key>
			<string>D81B513918DE69BF00E73E6C</string>
			<key>isa</key>
			<string>PBXBuildFile</string>
		</dict>
		<key>D81B513B18DE69BF00E73E6C</key>
		<dict>
			<key>isa</key>
			<string>PBXFileReference</string>
			<key>lastKnownFileType</key>
			<string>folder.assetcatalog</string>
			<key>path</key>
			<string>Images.xcassets</string>
			<key>sourceTree</key>
			<string>&lt;group&gt;</string>
		</dict>
		<key>D81B513C18DE69BF00E73E6C</key>
		<dict>
			<key>fileRef</key>
			<string>D81B513B18DE69BF00E73E6C</string>
			<key>isa</key>
			<string>PBXBuildFile</string>
		</dict>
		<key>D81B513D18DE69BF00E73E6C</key>
		<dict>
			<key>buildActionMask</key>
			<string>2147483647</string>
			<key>files</key>
			<array>
				<string>D81B514F18DE69BF00E73E6C</string>
			</array>
			<key>isa</key>
			<string>PBXSourcesBuildPhase</string>
			<key>runOnlyForDeploymentPostprocessing</key>
			<string>0</string>
		</dict>
		<key>D81B513E18DE69BF00E73E6C</key>
		<dict>
			<key>buildActionMask</key>
			<string>2147483647</string>
			<key>files</key>
			<array>
				<string>D81B514318DE69BF00E73E6C</string>
				<string>D81B514518DE69BF00E73E6C</string>
				<string>D81B514418DE69BF00E73E6C</string>
			</array>
			<key>isa</key>
			<string>PBXFrameworksBuildPhase</string>
			<key>runOnlyForDeploymentPostprocessing</key>
			<string>0</string>
		</dict>
		<key>D81B513F18DE69BF00E73E6C</key>
		<dict>
			<key>buildActionMask</key>
			<string>2147483647</string>
			<key>files</key>
			<array>
				<string>D81B514D18DE69BF00E73E6C</string>
			</array>
			<key>isa</key>
			<string>PBXResourcesBuildPhase</string>
			<key>runOnlyForDeploymentPostprocessing</key>
			<string>0</string>
		</dict>
		<key>D81B514018DE69BF00E73E6C</key>
		<dict>
			<key>buildConfigurationList</key>
			<string>D81B515518DE69BF00E73E6C</string>
			<key>buildPhases</key>
			<array>
				<string>D81B513D18DE69BF00E73E6C</string>
				<string>D81B513E18DE69BF00E73E6C</string>
				<string>D81B513F18DE69BF00E73E6C</string>
			</array>
			<key>buildRules</key>
			<array/>
			<key>dependencies</key>
			<array>
				<string>D81B514718DE69BF00E73E6C</string>
			</array>
			<key>isa</key>
			<string>PBXNativeTarget</string>
			<key>name</key>
			<string>RippleTests</string>
			<key>productName</key>
			<string>RippleTests</string>
			<key>productReference</key>
			<string>D81B514118DE69BF00E73E6C</string>
			<key>productType</key>
			<string>com.apple.product-type.bundle.unit-test</string>
		</dict>
		<key>D81B514118DE69BF00E73E6C</key>
		<dict>
			<key>explicitFileType</key>
			<string>wrapper.cfbundle</string>
			<key>includeInIndex</key>
			<string>0</string>
			<key>isa</key>
			<string>PBXFileReference</string>
			<key>path</key>
			<string>RippleTests.xctest</string>
			<key>sourceTree</key>
			<string>BUILT_PRODUCTS_DIR</string>
		</dict>
		<key>D81B514218DE69BF00E73E6C</key>
		<dict>
			<key>isa</key>
			<string>PBXFileReference</string>
			<key>lastKnownFileType</key>
			<string>wrapper.framework</string>
			<key>name</key>
			<string>XCTest.framework</string>
			<key>path</key>
			<string>Library/Frameworks/XCTest.framework</string>
			<key>sourceTree</key>
			<string>DEVELOPER_DIR</string>
		</dict>
		<key>D81B514318DE69BF00E73E6C</key>
		<dict>
			<key>fileRef</key>
			<string>D81B514218DE69BF00E73E6C</string>
			<key>isa</key>
			<string>PBXBuildFile</string>
		</dict>
		<key>D81B514418DE69BF00E73E6C</key>
		<dict>
			<key>fileRef</key>
			<string>D81B512918DE69BF00E73E6C</string>
			<key>isa</key>
			<string>PBXBuildFile</string>
		</dict>
		<key>D81B514518DE69BF00E73E6C</key>
		<dict>
			<key>fileRef</key>
			<string>D81B512D18DE69BF00E73E6C</string>
			<key>isa</key>
			<string>PBXBuildFile</string>
		</dict>
		<key>D81B514618DE69BF00E73E6C</key>
		<dict>
			<key>containerPortal</key>
			<string>D81B511E18DE69BF00E73E6C</string>
			<key>isa</key>
			<string>PBXContainerItemProxy</string>
			<key>proxyType</key>
			<string>1</string>
			<key>remoteGlobalIDString</key>
			<string>D81B512518DE69BF00E73E6C</string>
			<key>remoteInfo</key>
			<string>Ripple</string>
		</dict>
		<key>D81B514718DE69BF00E73E6C</key>
		<dict>
			<key>isa</key>
			<string>PBXTargetDependency</string>
			<key>target</key>
			<string>D81B512518DE69BF00E73E6C</string>
			<key>targetProxy</key>
			<string>D81B514618DE69BF00E73E6C</string>
		</dict>
		<key>D81B514818DE69BF00E73E6C</key>
		<dict>
			<key>children</key>
			<array>
				<string>D81B514E18DE69BF00E73E6C</string>
				<string>D81B514918DE69BF00E73E6C</string>
			</array>
			<key>isa</key>
			<string>PBXGroup</string>
			<key>path</key>
			<string>RippleTests</string>
			<key>sourceTree</key>
			<string>&lt;group&gt;</string>
		</dict>
		<key>D81B514918DE69BF00E73E6C</key>
		<dict>
			<key>children</key>
			<array>
				<string>D81B514A18DE69BF00E73E6C</string>
				<string>D81B514B18DE69BF00E73E6C</string>
			</array>
			<key>isa</key>
			<string>PBXGroup</string>
			<key>name</key>
			<string>Supporting Files</string>
			<key>sourceTree</key>
			<string>&lt;group&gt;</string>
		</dict>
		<key>D81B514A18DE69BF00E73E6C</key>
		<dict>
			<key>isa</key>
			<string>PBXFileReference</string>
			<key>lastKnownFileType</key>
			<string>text.plist.xml</string>
			<key>path</key>
			<string>RippleTests-Info.plist</string>
			<key>sourceTree</key>
			<string>&lt;group&gt;</string>
		</dict>
		<key>D81B514B18DE69BF00E73E6C</key>
		<dict>
			<key>children</key>
			<array>
				<string>D81B514C18DE69BF00E73E6C</string>
			</array>
			<key>isa</key>
			<string>PBXVariantGroup</string>
			<key>name</key>
			<string>InfoPlist.strings</string>
			<key>sourceTree</key>
			<string>&lt;group&gt;</string>
		</dict>
		<key>D81B514C18DE69BF00E73E6C</key>
		<dict>
			<key>isa</key>
			<string>PBXFileReference</string>
			<key>lastKnownFileType</key>
			<string>text.plist.strings</string>
			<key>name</key>
			<string>en</string>
			<key>path</key>
			<string>en.lproj/InfoPlist.strings</string>
			<key>sourceTree</key>
			<string>&lt;group&gt;</string>
		</dict>
		<key>D81B514D18DE69BF00E73E6C</key>
		<dict>
			<key>fileRef</key>
			<string>D81B514B18DE69BF00E73E6C</string>
			<key>isa</key>
			<string>PBXBuildFile</string>
		</dict>
		<key>D81B514E18DE69BF00E73E6C</key>
		<dict>
			<key>isa</key>
			<string>PBXFileReference</string>
			<key>lastKnownFileType</key>
			<string>sourcecode.c.objc</string>
			<key>path</key>
			<string>RippleTests.m</string>
			<key>sourceTree</key>
			<string>&lt;group&gt;</string>
		</dict>
		<key>D81B514F18DE69BF00E73E6C</key>
		<dict>
			<key>fileRef</key>
			<string>D81B514E18DE69BF00E73E6C</string>
			<key>isa</key>
			<string>PBXBuildFile</string>
		</dict>
		<key>D81B515018DE69BF00E73E6C</key>
		<dict>
			<key>buildSettings</key>
			<dict>
				<key>ALWAYS_SEARCH_USER_PATHS</key>
				<string>NO</string>
				<key>CLANG_CXX_LANGUAGE_STANDARD</key>
				<string>gnu++0x</string>
				<key>CLANG_CXX_LIBRARY</key>
				<string>libc++</string>
				<key>CLANG_ENABLE_MODULES</key>
				<string>YES</string>
				<key>CLANG_ENABLE_OBJC_ARC</key>
				<string>YES</string>
				<key>CLANG_WARN_BOOL_CONVERSION</key>
				<string>YES</string>
				<key>CLANG_WARN_CONSTANT_CONVERSION</key>
				<string>YES</string>
				<key>CLANG_WARN_DIRECT_OBJC_ISA_USAGE</key>
				<string>YES_ERROR</string>
				<key>CLANG_WARN_EMPTY_BODY</key>
				<string>YES</string>
				<key>CLANG_WARN_ENUM_CONVERSION</key>
				<string>YES</string>
				<key>CLANG_WARN_INT_CONVERSION</key>
				<string>YES</string>
				<key>CLANG_WARN_OBJC_ROOT_CLASS</key>
				<string>YES_ERROR</string>
				<key>CLANG_WARN__DUPLICATE_METHOD_MATCH</key>
				<string>YES</string>
				<key>CODE_SIGN_IDENTITY[sdk=iphoneos*]</key>
				<string>iPhone Developer</string>
				<key>COPY_PHASE_STRIP</key>
				<string>NO</string>
				<key>GCC_C_LANGUAGE_STANDARD</key>
				<string>gnu99</string>
				<key>GCC_DYNAMIC_NO_PIC</key>
				<string>NO</string>
				<key>GCC_OPTIMIZATION_LEVEL</key>
				<string>0</string>
				<key>GCC_PREPROCESSOR_DEFINITIONS</key>
				<array>
					<string>DEBUG=1</string>
					<string>$(inherited)</string>
				</array>
				<key>GCC_SYMBOLS_PRIVATE_EXTERN</key>
				<string>NO</string>
				<key>GCC_WARN_64_TO_32_BIT_CONVERSION</key>
				<string>YES</string>
				<key>GCC_WARN_ABOUT_RETURN_TYPE</key>
				<string>YES_ERROR</string>
				<key>GCC_WARN_UNDECLARED_SELECTOR</key>
				<string>YES</string>
				<key>GCC_WARN_UNINITIALIZED_AUTOS</key>
				<string>YES_AGGRESSIVE</string>
				<key>GCC_WARN_UNUSED_FUNCTION</key>
				<string>YES</string>
				<key>GCC_WARN_UNUSED_VARIABLE</key>
				<string>YES</string>
				<key>IPHONEOS_DEPLOYMENT_TARGET</key>
				<string>7.1</string>
				<key>ONLY_ACTIVE_ARCH</key>
				<string>YES</string>
				<key>SDKROOT</key>
				<string>iphoneos</string>
			</dict>
			<key>isa</key>
			<string>XCBuildConfiguration</string>
			<key>name</key>
			<string>Debug</string>
		</dict>
		<key>D81B515118DE69BF00E73E6C</key>
		<dict>
			<key>buildSettings</key>
			<dict>
				<key>ALWAYS_SEARCH_USER_PATHS</key>
				<string>NO</string>
				<key>CLANG_CXX_LANGUAGE_STANDARD</key>
				<string>gnu++0x</string>
				<key>CLANG_CXX_LIBRARY</key>
				<string>libc++</string>
				<key>CLANG_ENABLE_MODULES</key>
				<string>YES</string>
				<key>CLANG_ENABLE_OBJC_ARC</key>
				<string>YES</string>
				<key>CLANG_WARN_BOOL_CONVERSION</key>
				<string>YES</string>
				<key>CLANG_WARN_CONSTANT_CONVERSION</key>
				<string>YES</string>
				<key>CLANG_WARN_DIRECT_OBJC_ISA_USAGE</key>
				<string>YES_ERROR</string>
				<key>CLANG_WARN_EMPTY_BODY</key>
				<string>YES</string>
				<key>CLANG_WARN_ENUM_CONVERSION</key>
				<string>YES</string>
				<key>CLANG_WARN_INT_CONVERSION</key>
				<string>YES</string>
				<key>CLANG_WARN_OBJC_ROOT_CLASS</key>
				<string>YES_ERROR</string>
				<key>CLANG_WARN__DUPLICATE_METHOD_MATCH</key>
				<string>YES</string>
				<key>CODE_SIGN_IDENTITY[sdk=iphoneos*]</key>
				<string>iPhone Developer</string>
				<key>COPY_PHASE_STRIP</key>
				<string>YES</string>
				<key>ENABLE_NS_ASSERTIONS</key>
				<string>NO</string>
				<key>GCC_C_LANGUAGE_STANDARD</key>
				<string>gnu99</string>
				<key>GCC_WARN_64_TO_32_BIT_CONVERSION</key>
				<string>YES</string>
				<key>GCC_WARN_ABOUT_RETURN_TYPE</key>
				<string>YES_ERROR</string>
				<key>GCC_WARN_UNDECLARED_SELECTOR</key>
				<string>YES</string>
				<key>GCC_WARN_UNINITIALIZED_AUTOS</key>
				<string>YES_AGGRESSIVE</string>
				<key>GCC_WARN_UNUSED_FUNCTION</key>
				<string>YES</string>
				<key>GCC_WARN_UNUSED_VARIABLE</key>
				<string>YES</string>
				<key>IPHONEOS_DEPLOYMENT_TARGET</key>
				<string>7.1</string>
				<key>SDKROOT</key>
				<string>iphoneos</string>
				<key>VALIDATE_PRODUCT</key>
				<string>YES</string>
			</dict>
			<key>isa</key>
			<string>XCBuildConfiguration</string>
			<key>name</key>
			<string>Release</string>
		</dict>
		<key>D81B515218DE69BF00E73E6C</key>
		<dict>
			<key>buildConfigurations</key>
			<array>
				<string>D81B515318DE69BF00E73E6C</string>
				<string>D81B515418DE69BF00E73E6C</string>
			</array>
			<key>defaultConfigurationIsVisible</key>
			<string>0</string>
			<key>isa</key>
			<string>XCConfigurationList</string>
		</dict>
		<key>D81B515318DE69BF00E73E6C</key>
		<dict>
			<key>baseConfigurationReference</key>
			<string>4C2A7A3C27C54E39B75E3ECC</string>
			<key>buildSettings</key>
			<dict>
				<key>ASSETCATALOG_COMPILER_APPICON_NAME</key>
				<string>AppIcon</string>
				<key>ASSETCATALOG_COMPILER_LAUNCHIMAGE_NAME</key>
				<string>LaunchImage</string>
				<key>GCC_PRECOMPILE_PREFIX_HEADER</key>
				<string>YES</string>
				<key>GCC_PREFIX_HEADER</key>
				<string>Ripple/Ripple-Prefix.pch</string>
				<key>INFOPLIST_FILE</key>
				<string>Ripple/Ripple-Info.plist</string>
				<key>PRODUCT_NAME</key>
				<string>$(TARGET_NAME)</string>
				<key>WRAPPER_EXTENSION</key>
				<string>app</string>
			</dict>
			<key>isa</key>
			<string>XCBuildConfiguration</string>
			<key>name</key>
			<string>Debug</string>
		</dict>
		<key>D81B515418DE69BF00E73E6C</key>
		<dict>
			<key>baseConfigurationReference</key>
			<string>4C2A7A3C27C54E39B75E3ECC</string>
			<key>buildSettings</key>
			<dict>
				<key>ASSETCATALOG_COMPILER_APPICON_NAME</key>
				<string>AppIcon</string>
				<key>ASSETCATALOG_COMPILER_LAUNCHIMAGE_NAME</key>
				<string>LaunchImage</string>
				<key>GCC_PRECOMPILE_PREFIX_HEADER</key>
				<string>YES</string>
				<key>GCC_PREFIX_HEADER</key>
				<string>Ripple/Ripple-Prefix.pch</string>
				<key>INFOPLIST_FILE</key>
				<string>Ripple/Ripple-Info.plist</string>
				<key>PRODUCT_NAME</key>
				<string>$(TARGET_NAME)</string>
				<key>WRAPPER_EXTENSION</key>
				<string>app</string>
			</dict>
			<key>isa</key>
			<string>XCBuildConfiguration</string>
			<key>name</key>
			<string>Release</string>
		</dict>
		<key>D81B515518DE69BF00E73E6C</key>
		<dict>
			<key>buildConfigurations</key>
			<array>
				<string>D81B515618DE69BF00E73E6C</string>
				<string>D81B515718DE69BF00E73E6C</string>
			</array>
			<key>defaultConfigurationIsVisible</key>
			<string>0</string>
			<key>isa</key>
			<string>XCConfigurationList</string>
		</dict>
		<key>D81B515618DE69BF00E73E6C</key>
		<dict>
			<key>buildSettings</key>
			<dict>
				<key>BUNDLE_LOADER</key>
				<string>$(BUILT_PRODUCTS_DIR)/Ripple.app/Ripple</string>
				<key>FRAMEWORK_SEARCH_PATHS</key>
				<array>
					<string>$(SDKROOT)/Developer/Library/Frameworks</string>
					<string>$(inherited)</string>
					<string>$(DEVELOPER_FRAMEWORKS_DIR)</string>
				</array>
				<key>GCC_PRECOMPILE_PREFIX_HEADER</key>
				<string>YES</string>
				<key>GCC_PREFIX_HEADER</key>
				<string>Ripple/Ripple-Prefix.pch</string>
				<key>GCC_PREPROCESSOR_DEFINITIONS</key>
				<array>
					<string>DEBUG=1</string>
					<string>$(inherited)</string>
				</array>
				<key>INFOPLIST_FILE</key>
				<string>RippleTests/RippleTests-Info.plist</string>
				<key>PRODUCT_NAME</key>
				<string>$(TARGET_NAME)</string>
				<key>TEST_HOST</key>
				<string>$(BUNDLE_LOADER)</string>
				<key>WRAPPER_EXTENSION</key>
				<string>xctest</string>
			</dict>
			<key>isa</key>
			<string>XCBuildConfiguration</string>
			<key>name</key>
			<string>Debug</string>
		</dict>
		<key>D81B515718DE69BF00E73E6C</key>
		<dict>
			<key>buildSettings</key>
			<dict>
				<key>BUNDLE_LOADER</key>
				<string>$(BUILT_PRODUCTS_DIR)/Ripple.app/Ripple</string>
				<key>FRAMEWORK_SEARCH_PATHS</key>
				<array>
					<string>$(SDKROOT)/Developer/Library/Frameworks</string>
					<string>$(inherited)</string>
					<string>$(DEVELOPER_FRAMEWORKS_DIR)</string>
				</array>
				<key>GCC_PRECOMPILE_PREFIX_HEADER</key>
				<string>YES</string>
				<key>GCC_PREFIX_HEADER</key>
				<string>Ripple/Ripple-Prefix.pch</string>
				<key>INFOPLIST_FILE</key>
				<string>RippleTests/RippleTests-Info.plist</string>
				<key>PRODUCT_NAME</key>
				<string>$(TARGET_NAME)</string>
				<key>TEST_HOST</key>
				<string>$(BUNDLE_LOADER)</string>
				<key>WRAPPER_EXTENSION</key>
				<string>xctest</string>
			</dict>
			<key>isa</key>
			<string>XCBuildConfiguration</string>
			<key>name</key>
			<string>Release</string>
		</dict>
	</dict>
	<key>rootObject</key>
	<string>D81B511E18DE69BF00E73E6C</string>
</dict>
</plist>
