// !$*UTF8*$!
{
	archiveVersion = 1;
	classes = {
	};
	objectVersion = 46;
	objects = {

/* Begin PBXBuildFile section */
		B1889F0A1317427DB721A6BB /* libPods.a in Frameworks */ = {isa = PBXBuildFile; fileRef = 830337E9E1DF4B36A6C443A6 /* libPods.a */; };
		D812F68018FF8A8900025449 /* RIPFacesById.m in Sources */ = {isa = PBXBuildFile; fileRef = D812F67F18FF8A8900025449 /* RIPFacesById.m */; };
		D812F689190012CF00025449 /* README.md in Resources */ = {isa = PBXBuildFile; fileRef = D812F683190012CF00025449 /* README.md */; };
		D812F68A190012CF00025449 /* release_notes.md in Resources */ = {isa = PBXBuildFile; fileRef = D812F684190012CF00025449 /* release_notes.md */; };
		D812F68C1900130800025449 /* libz.dylib in Frameworks */ = {isa = PBXBuildFile; fileRef = D812F68B1900130800025449 /* libz.dylib */; };
		D812F68E19002C1E00025449 /* Settings.xib in Resources */ = {isa = PBXBuildFile; fileRef = D812F68D19002C1E00025449 /* Settings.xib */; };
		D81B512A18DE69BF00E73E6C /* Foundation.framework in Frameworks */ = {isa = PBXBuildFile; fileRef = D81B512918DE69BF00E73E6C /* Foundation.framework */; };
		D81B512C18DE69BF00E73E6C /* CoreGraphics.framework in Frameworks */ = {isa = PBXBuildFile; fileRef = D81B512B18DE69BF00E73E6C /* CoreGraphics.framework */; };
		D81B512E18DE69BF00E73E6C /* UIKit.framework in Frameworks */ = {isa = PBXBuildFile; fileRef = D81B512D18DE69BF00E73E6C /* UIKit.framework */; };
		D81B513418DE69BF00E73E6C /* InfoPlist.strings in Resources */ = {isa = PBXBuildFile; fileRef = D81B513218DE69BF00E73E6C /* InfoPlist.strings */; };
		D81B513618DE69BF00E73E6C /* main.m in Sources */ = {isa = PBXBuildFile; fileRef = D81B513518DE69BF00E73E6C /* main.m */; };
		D81B513A18DE69BF00E73E6C /* RIPAppDelegate.m in Sources */ = {isa = PBXBuildFile; fileRef = D81B513918DE69BF00E73E6C /* RIPAppDelegate.m */; };
		D81B513C18DE69BF00E73E6C /* Images.xcassets in Resources */ = {isa = PBXBuildFile; fileRef = D81B513B18DE69BF00E73E6C /* Images.xcassets */; };
		D81B514318DE69BF00E73E6C /* XCTest.framework in Frameworks */ = {isa = PBXBuildFile; fileRef = D81B514218DE69BF00E73E6C /* XCTest.framework */; };
		D81B514418DE69BF00E73E6C /* Foundation.framework in Frameworks */ = {isa = PBXBuildFile; fileRef = D81B512918DE69BF00E73E6C /* Foundation.framework */; };
		D81B514518DE69BF00E73E6C /* UIKit.framework in Frameworks */ = {isa = PBXBuildFile; fileRef = D81B512D18DE69BF00E73E6C /* UIKit.framework */; };
		D81B514D18DE69BF00E73E6C /* InfoPlist.strings in Resources */ = {isa = PBXBuildFile; fileRef = D81B514B18DE69BF00E73E6C /* InfoPlist.strings */; };
		D81B514F18DE69BF00E73E6C /* RippleTests.m in Sources */ = {isa = PBXBuildFile; fileRef = D81B514E18DE69BF00E73E6C /* RippleTests.m */; };
		D82F25B618EE687C00AC025C /* SignUp.xib in Resources */ = {isa = PBXBuildFile; fileRef = D82F25B518EE687C00AC025C /* SignUp.xib */; };
		D8A9AF28190074AC00D16B57 /* libTestFlight.a in Frameworks */ = {isa = PBXBuildFile; fileRef = D8A9AF27190074AC00D16B57 /* libTestFlight.a */; };
		D8BA38FE18F5C502003E7432 /* AppIcon29x29.png in Resources */ = {isa = PBXBuildFile; fileRef = D8BA38E818F5C502003E7432 /* AppIcon29x29.png */; };
		D8BA38FF18F5C502003E7432 /* AppIcon29x29@2x.png in Resources */ = {isa = PBXBuildFile; fileRef = D8BA38E918F5C502003E7432 /* AppIcon29x29@2x.png */; };
		D8BA390018F5C502003E7432 /* AppIcon40x40.png in Resources */ = {isa = PBXBuildFile; fileRef = D8BA38EA18F5C502003E7432 /* AppIcon40x40.png */; };
		D8BA390118F5C502003E7432 /* AppIcon40x40@2x.png in Resources */ = {isa = PBXBuildFile; fileRef = D8BA38EB18F5C502003E7432 /* AppIcon40x40@2x.png */; };
		D8BA390218F5C502003E7432 /* AppIcon50x50.png in Resources */ = {isa = PBXBuildFile; fileRef = D8BA38EC18F5C502003E7432 /* AppIcon50x50.png */; };
		D8BA390318F5C502003E7432 /* AppIcon50x50@2x.png in Resources */ = {isa = PBXBuildFile; fileRef = D8BA38ED18F5C502003E7432 /* AppIcon50x50@2x.png */; };
		D8BA390418F5C502003E7432 /* AppIcon57x57.png in Resources */ = {isa = PBXBuildFile; fileRef = D8BA38EE18F5C502003E7432 /* AppIcon57x57.png */; };
		D8BA390518F5C502003E7432 /* AppIcon57x57@2x.png in Resources */ = {isa = PBXBuildFile; fileRef = D8BA38EF18F5C502003E7432 /* AppIcon57x57@2x.png */; };
		D8BA390618F5C502003E7432 /* AppIcon60x60.png in Resources */ = {isa = PBXBuildFile; fileRef = D8BA38F018F5C502003E7432 /* AppIcon60x60.png */; };
		D8BA390718F5C502003E7432 /* AppIcon60x60@2x.png in Resources */ = {isa = PBXBuildFile; fileRef = D8BA38F118F5C502003E7432 /* AppIcon60x60@2x.png */; };
		D8BA390818F5C502003E7432 /* AppIcon72x72.png in Resources */ = {isa = PBXBuildFile; fileRef = D8BA38F218F5C502003E7432 /* AppIcon72x72.png */; };
		D8BA390918F5C502003E7432 /* AppIcon72x72@2x.png in Resources */ = {isa = PBXBuildFile; fileRef = D8BA38F318F5C502003E7432 /* AppIcon72x72@2x.png */; };
		D8BA390A18F5C502003E7432 /* AppIcon76x76.png in Resources */ = {isa = PBXBuildFile; fileRef = D8BA38F418F5C502003E7432 /* AppIcon76x76.png */; };
		D8BA390B18F5C502003E7432 /* AppIcon76x76@2x.png in Resources */ = {isa = PBXBuildFile; fileRef = D8BA38F518F5C502003E7432 /* AppIcon76x76@2x.png */; };
		D8BA390C18F5C502003E7432 /* iTunesArtwork.png in Resources */ = {isa = PBXBuildFile; fileRef = D8BA38F618F5C502003E7432 /* iTunesArtwork.png */; };
		D8BA390D18F5C502003E7432 /* iTunesArtwork@2x.png in Resources */ = {isa = PBXBuildFile; fileRef = D8BA38F718F5C502003E7432 /* iTunesArtwork@2x.png */; };
		D8BA390E18F5C502003E7432 /* cog.png in Resources */ = {isa = PBXBuildFile; fileRef = D8BA38F818F5C502003E7432 /* cog.png */; };
		D8BA390F18F5C502003E7432 /* RippleLaunchScreen@1136.png in Resources */ = {isa = PBXBuildFile; fileRef = D8BA38FA18F5C502003E7432 /* RippleLaunchScreen@1136.png */; };
		D8BA391018F5C502003E7432 /* RippleLaunchScreen@960.png in Resources */ = {isa = PBXBuildFile; fileRef = D8BA38FB18F5C502003E7432 /* RippleLaunchScreen@960.png */; };
		D8BA391118F5C502003E7432 /* plus@2x.png in Resources */ = {isa = PBXBuildFile; fileRef = D8BA38FC18F5C502003E7432 /* plus@2x.png */; };
		D8BA391218F5C502003E7432 /* user.png in Resources */ = {isa = PBXBuildFile; fileRef = D8BA38FD18F5C502003E7432 /* user.png */; };
		D8BA392018F5C51D003E7432 /* ComicNeue-Angular-Bold-Oblique.ttf in Resources */ = {isa = PBXBuildFile; fileRef = D8BA391418F5C51D003E7432 /* ComicNeue-Angular-Bold-Oblique.ttf */; };
		D8BA392118F5C51D003E7432 /* ComicNeue-Angular-Bold.ttf in Resources */ = {isa = PBXBuildFile; fileRef = D8BA391518F5C51D003E7432 /* ComicNeue-Angular-Bold.ttf */; };
		D8BA392218F5C51D003E7432 /* ComicNeue-Angular-Light-Oblique.ttf in Resources */ = {isa = PBXBuildFile; fileRef = D8BA391618F5C51D003E7432 /* ComicNeue-Angular-Light-Oblique.ttf */; };
		D8BA392318F5C51D003E7432 /* ComicNeue-Angular-Light.ttf in Resources */ = {isa = PBXBuildFile; fileRef = D8BA391718F5C51D003E7432 /* ComicNeue-Angular-Light.ttf */; };
		D8BA392418F5C51D003E7432 /* ComicNeue-Angular-Regular-Oblique.ttf in Resources */ = {isa = PBXBuildFile; fileRef = D8BA391818F5C51D003E7432 /* ComicNeue-Angular-Regular-Oblique.ttf */; };
		D8BA392518F5C51D003E7432 /* ComicNeue-Angular-Regular.ttf in Resources */ = {isa = PBXBuildFile; fileRef = D8BA391918F5C51D003E7432 /* ComicNeue-Angular-Regular.ttf */; };
		D8BA392618F5C51D003E7432 /* ComicNeue-Bold-Oblique.ttf in Resources */ = {isa = PBXBuildFile; fileRef = D8BA391A18F5C51D003E7432 /* ComicNeue-Bold-Oblique.ttf */; };
		D8BA392718F5C51D003E7432 /* ComicNeue-Bold.ttf in Resources */ = {isa = PBXBuildFile; fileRef = D8BA391B18F5C51D003E7432 /* ComicNeue-Bold.ttf */; };
		D8BA392818F5C51D003E7432 /* ComicNeue-Light-Oblique.ttf in Resources */ = {isa = PBXBuildFile; fileRef = D8BA391C18F5C51D003E7432 /* ComicNeue-Light-Oblique.ttf */; };
		D8BA392918F5C51D003E7432 /* ComicNeue-Light.ttf in Resources */ = {isa = PBXBuildFile; fileRef = D8BA391D18F5C51D003E7432 /* ComicNeue-Light.ttf */; };
		D8BA392A18F5C51D003E7432 /* ComicNeue-Regular-Oblique.ttf in Resources */ = {isa = PBXBuildFile; fileRef = D8BA391E18F5C51D003E7432 /* ComicNeue-Regular-Oblique.ttf */; };
		D8BA392B18F5C51D003E7432 /* ComicNeue-Regular.ttf in Resources */ = {isa = PBXBuildFile; fileRef = D8BA391F18F5C51D003E7432 /* ComicNeue-Regular.ttf */; };
		D8BA392E18F5CA3D003E7432 /* UIFont+FontLookup.m in Sources */ = {isa = PBXBuildFile; fileRef = D8BA392D18F5CA3D003E7432 /* UIFont+FontLookup.m */; };
		D8DDCDEF18E0A2AA00648536 /* RIPGroupChatViewController.m in Sources */ = {isa = PBXBuildFile; fileRef = D8DDCDEE18E0A2AA00648536 /* RIPGroupChatViewController.m */; };
		D8DDCDF218E0A2B500648536 /* RIPSignUpViewController.m in Sources */ = {isa = PBXBuildFile; fileRef = D8DDCDF118E0A2B500648536 /* RIPSignUpViewController.m */; };
		D8DDCDFB18E0C58500648536 /* RIPSettingsViewController.m in Sources */ = {isa = PBXBuildFile; fileRef = D8DDCDFA18E0C58500648536 /* RIPSettingsViewController.m */; };
		D8DDCE0A18E1410100648536 /* AddressBook.framework in Frameworks */ = {isa = PBXBuildFile; fileRef = D8DDCE0918E1410100648536 /* AddressBook.framework */; };
		D8DDCE0D18E1508900648536 /* RIPInviteContactsTableViewController.m in Sources */ = {isa = PBXBuildFile; fileRef = D8DDCE0C18E1508900648536 /* RIPInviteContactsTableViewController.m */; };
		D8DDCE1718E1E89000648536 /* RIPPeopleAroundData.m in Sources */ = {isa = PBXBuildFile; fileRef = D8DDCE1618E1E89000648536 /* RIPPeopleAroundData.m */; };
		D8DDCE1B18E1E91100648536 /* RIPPerson.m in Sources */ = {isa = PBXBuildFile; fileRef = D8DDCE1A18E1E91100648536 /* RIPPerson.m */; };
		D8DDCE4318E35B8200648536 /* MessageUI.framework in Frameworks */ = {isa = PBXBuildFile; fileRef = D8DDCE4218E35B8200648536 /* MessageUI.framework */; };
		D8DDCE4618E3633100648536 /* RIPSaveImage.m in Sources */ = {isa = PBXBuildFile; fileRef = D8DDCE4518E3633100648536 /* RIPSaveImage.m */; };
		D8DDCE4A18E37B3500648536 /* PFFile+UIImageHelper.m in Sources */ = {isa = PBXBuildFile; fileRef = D8DDCE4918E37B3500648536 /* PFFile+UIImageHelper.m */; };
		D8EEB98518ECA9D700EA0E45 /* RIPProfileViewController.m in Sources */ = {isa = PBXBuildFile; fileRef = D8EEB98418ECA9D700EA0E45 /* RIPProfileViewController.m */; };
		D8EEB98818ECBF8100EA0E45 /* RIPChatData.m in Sources */ = {isa = PBXBuildFile; fileRef = D8EEB98718ECBF8100EA0E45 /* RIPChatData.m */; };
		D8EEB98E18ECFED400EA0E45 /* AssetsLibrary.framework in Frameworks */ = {isa = PBXBuildFile; fileRef = D8EEB98D18ECFED400EA0E45 /* AssetsLibrary.framework */; };
		D8EEB99018ECFEDE00EA0E45 /* AVFoundation.framework in Frameworks */ = {isa = PBXBuildFile; fileRef = D8EEB98F18ECFEDE00EA0E45 /* AVFoundation.framework */; };
		D8EEB99218ED089900EA0E45 /* Profile.xib in Resources */ = {isa = PBXBuildFile; fileRef = D8EEB99118ED089900EA0E45 /* Profile.xib */; };
/* End PBXBuildFile section */

/* Begin PBXContainerItemProxy section */
		D81B514618DE69BF00E73E6C /* PBXContainerItemProxy */ = {
			isa = PBXContainerItemProxy;
			containerPortal = D81B511E18DE69BF00E73E6C /* Project object */;
			proxyType = 1;
			remoteGlobalIDString = D81B512518DE69BF00E73E6C;
			remoteInfo = Ripple;
		};
/* End PBXContainerItemProxy section */

/* Begin PBXFileReference section */
		4C2A7A3C27C54E39B75E3ECC /* Pods.xcconfig */ = {isa = PBXFileReference; includeInIndex = 1; lastKnownFileType = text.xcconfig; name = Pods.xcconfig; path = Pods/Pods.xcconfig; sourceTree = "<group>"; };
		830337E9E1DF4B36A6C443A6 /* libPods.a */ = {isa = PBXFileReference; explicitFileType = archive.ar; includeInIndex = 0; path = libPods.a; sourceTree = BUILT_PRODUCTS_DIR; };
		D812F67E18FF8A8900025449 /* RIPFacesById.h */ = {isa = PBXFileReference; fileEncoding = 4; lastKnownFileType = sourcecode.c.h; path = RIPFacesById.h; sourceTree = "<group>"; };
		D812F67F18FF8A8900025449 /* RIPFacesById.m */ = {isa = PBXFileReference; fileEncoding = 4; lastKnownFileType = sourcecode.c.objc; path = RIPFacesById.m; sourceTree = "<group>"; };
		D812F682190012CF00025449 /* libTestFlight.a */ = {isa = PBXFileReference; lastKnownFileType = archive.ar; path = libTestFlight.a; sourceTree = "<group>"; };
		D812F683190012CF00025449 /* README.md */ = {isa = PBXFileReference; fileEncoding = 4; lastKnownFileType = text; path = README.md; sourceTree = "<group>"; };
		D812F684190012CF00025449 /* release_notes.md */ = {isa = PBXFileReference; fileEncoding = 4; lastKnownFileType = text; path = release_notes.md; sourceTree = "<group>"; };
		D812F685190012CF00025449 /* TestFlight+AsyncLogging.h */ = {isa = PBXFileReference; fileEncoding = 4; lastKnownFileType = sourcecode.c.h; path = "TestFlight+AsyncLogging.h"; sourceTree = "<group>"; };
		D812F686190012CF00025449 /* TestFlight+ManualSessions.h */ = {isa = PBXFileReference; fileEncoding = 4; lastKnownFileType = sourcecode.c.h; path = "TestFlight+ManualSessions.h"; sourceTree = "<group>"; };
		D812F687190012CF00025449 /* TestFlight.h */ = {isa = PBXFileReference; fileEncoding = 4; lastKnownFileType = sourcecode.c.h; path = TestFlight.h; sourceTree = "<group>"; };
		D812F68B1900130800025449 /* libz.dylib */ = {isa = PBXFileReference; lastKnownFileType = "compiled.mach-o.dylib"; name = libz.dylib; path = usr/lib/libz.dylib; sourceTree = SDKROOT; };
		D812F68D19002C1E00025449 /* Settings.xib */ = {isa = PBXFileReference; fileEncoding = 4; lastKnownFileType = file.xib; path = Settings.xib; sourceTree = "<group>"; };
		D81B512618DE69BF00E73E6C /* Ripple.app */ = {isa = PBXFileReference; explicitFileType = wrapper.application; includeInIndex = 0; path = Ripple.app; sourceTree = BUILT_PRODUCTS_DIR; };
		D81B512918DE69BF00E73E6C /* Foundation.framework */ = {isa = PBXFileReference; lastKnownFileType = wrapper.framework; name = Foundation.framework; path = System/Library/Frameworks/Foundation.framework; sourceTree = SDKROOT; };
		D81B512B18DE69BF00E73E6C /* CoreGraphics.framework */ = {isa = PBXFileReference; lastKnownFileType = wrapper.framework; name = CoreGraphics.framework; path = System/Library/Frameworks/CoreGraphics.framework; sourceTree = SDKROOT; };
		D81B512D18DE69BF00E73E6C /* UIKit.framework */ = {isa = PBXFileReference; lastKnownFileType = wrapper.framework; name = UIKit.framework; path = System/Library/Frameworks/UIKit.framework; sourceTree = SDKROOT; };
		D81B513118DE69BF00E73E6C /* Ripple-Info.plist */ = {isa = PBXFileReference; lastKnownFileType = text.plist.xml; path = "Ripple-Info.plist"; sourceTree = "<group>"; };
		D81B513318DE69BF00E73E6C /* en */ = {isa = PBXFileReference; lastKnownFileType = text.plist.strings; name = en; path = en.lproj/InfoPlist.strings; sourceTree = "<group>"; };
		D81B513518DE69BF00E73E6C /* main.m */ = {isa = PBXFileReference; lastKnownFileType = sourcecode.c.objc; path = main.m; sourceTree = "<group>"; };
		D81B513718DE69BF00E73E6C /* Ripple-Prefix.pch */ = {isa = PBXFileReference; lastKnownFileType = sourcecode.c.h; path = "Ripple-Prefix.pch"; sourceTree = "<group>"; };
		D81B513818DE69BF00E73E6C /* RIPAppDelegate.h */ = {isa = PBXFileReference; lastKnownFileType = sourcecode.c.h; path = RIPAppDelegate.h; sourceTree = "<group>"; };
		D81B513918DE69BF00E73E6C /* RIPAppDelegate.m */ = {isa = PBXFileReference; lastKnownFileType = sourcecode.c.objc; path = RIPAppDelegate.m; sourceTree = "<group>"; };
		D81B513B18DE69BF00E73E6C /* Images.xcassets */ = {isa = PBXFileReference; lastKnownFileType = folder.assetcatalog; path = Images.xcassets; sourceTree = "<group>"; };
		D81B514118DE69BF00E73E6C /* RippleTests.xctest */ = {isa = PBXFileReference; explicitFileType = wrapper.cfbundle; includeInIndex = 0; path = RippleTests.xctest; sourceTree = BUILT_PRODUCTS_DIR; };
		D81B514218DE69BF00E73E6C /* XCTest.framework */ = {isa = PBXFileReference; lastKnownFileType = wrapper.framework; name = XCTest.framework; path = Library/Frameworks/XCTest.framework; sourceTree = DEVELOPER_DIR; };
		D81B514A18DE69BF00E73E6C /* RippleTests-Info.plist */ = {isa = PBXFileReference; lastKnownFileType = text.plist.xml; path = "RippleTests-Info.plist"; sourceTree = "<group>"; };
		D81B514C18DE69BF00E73E6C /* en */ = {isa = PBXFileReference; lastKnownFileType = text.plist.strings; name = en; path = en.lproj/InfoPlist.strings; sourceTree = "<group>"; };
		D81B514E18DE69BF00E73E6C /* RippleTests.m */ = {isa = PBXFileReference; lastKnownFileType = sourcecode.c.objc; path = RippleTests.m; sourceTree = "<group>"; };
		D82F25B518EE687C00AC025C /* SignUp.xib */ = {isa = PBXFileReference; fileEncoding = 4; lastKnownFileType = file.xib; path = SignUp.xib; sourceTree = "<group>"; };
		D8A9AF25190073B500D16B57 /* libTestFlight.a */ = {isa = PBXFileReference; lastKnownFileType = archive.ar; name = libTestFlight.a; path = "../../../Downloads/TestFlightSDK3.0.0 (2)/libTestFlight.a"; sourceTree = "<group>"; };
		D8A9AF27190074AC00D16B57 /* libTestFlight.a */ = {isa = PBXFileReference; lastKnownFileType = archive.ar; name = libTestFlight.a; path = ../../frameworks/TestFlight/libTestFlight.a; sourceTree = "<group>"; };
		D8BA38E818F5C502003E7432 /* AppIcon29x29.png */ = {isa = PBXFileReference; lastKnownFileType = image.png; path = AppIcon29x29.png; sourceTree = "<group>"; };
		D8BA38E918F5C502003E7432 /* AppIcon29x29@2x.png */ = {isa = PBXFileReference; lastKnownFileType = image.png; path = "AppIcon29x29@2x.png"; sourceTree = "<group>"; };
		D8BA38EA18F5C502003E7432 /* AppIcon40x40.png */ = {isa = PBXFileReference; lastKnownFileType = image.png; path = AppIcon40x40.png; sourceTree = "<group>"; };
		D8BA38EB18F5C502003E7432 /* AppIcon40x40@2x.png */ = {isa = PBXFileReference; lastKnownFileType = image.png; path = "AppIcon40x40@2x.png"; sourceTree = "<group>"; };
		D8BA38EC18F5C502003E7432 /* AppIcon50x50.png */ = {isa = PBXFileReference; lastKnownFileType = image.png; path = AppIcon50x50.png; sourceTree = "<group>"; };
		D8BA38ED18F5C502003E7432 /* AppIcon50x50@2x.png */ = {isa = PBXFileReference; lastKnownFileType = image.png; path = "AppIcon50x50@2x.png"; sourceTree = "<group>"; };
		D8BA38EE18F5C502003E7432 /* AppIcon57x57.png */ = {isa = PBXFileReference; lastKnownFileType = image.png; path = AppIcon57x57.png; sourceTree = "<group>"; };
		D8BA38EF18F5C502003E7432 /* AppIcon57x57@2x.png */ = {isa = PBXFileReference; lastKnownFileType = image.png; path = "AppIcon57x57@2x.png"; sourceTree = "<group>"; };
		D8BA38F018F5C502003E7432 /* AppIcon60x60.png */ = {isa = PBXFileReference; lastKnownFileType = image.png; path = AppIcon60x60.png; sourceTree = "<group>"; };
		D8BA38F118F5C502003E7432 /* AppIcon60x60@2x.png */ = {isa = PBXFileReference; lastKnownFileType = image.png; path = "AppIcon60x60@2x.png"; sourceTree = "<group>"; };
		D8BA38F218F5C502003E7432 /* AppIcon72x72.png */ = {isa = PBXFileReference; lastKnownFileType = image.png; path = AppIcon72x72.png; sourceTree = "<group>"; };
		D8BA38F318F5C502003E7432 /* AppIcon72x72@2x.png */ = {isa = PBXFileReference; lastKnownFileType = image.png; path = "AppIcon72x72@2x.png"; sourceTree = "<group>"; };
		D8BA38F418F5C502003E7432 /* AppIcon76x76.png */ = {isa = PBXFileReference; lastKnownFileType = image.png; path = AppIcon76x76.png; sourceTree = "<group>"; };
		D8BA38F518F5C502003E7432 /* AppIcon76x76@2x.png */ = {isa = PBXFileReference; lastKnownFileType = image.png; path = "AppIcon76x76@2x.png"; sourceTree = "<group>"; };
		D8BA38F618F5C502003E7432 /* iTunesArtwork.png */ = {isa = PBXFileReference; lastKnownFileType = image.png; path = iTunesArtwork.png; sourceTree = "<group>"; };
		D8BA38F718F5C502003E7432 /* iTunesArtwork@2x.png */ = {isa = PBXFileReference; lastKnownFileType = image.png; path = "iTunesArtwork@2x.png"; sourceTree = "<group>"; };
		D8BA38F818F5C502003E7432 /* cog.png */ = {isa = PBXFileReference; lastKnownFileType = image.png; path = cog.png; sourceTree = "<group>"; };
		D8BA38FA18F5C502003E7432 /* RippleLaunchScreen@1136.png */ = {isa = PBXFileReference; lastKnownFileType = image.png; path = "RippleLaunchScreen@1136.png"; sourceTree = "<group>"; };
		D8BA38FB18F5C502003E7432 /* RippleLaunchScreen@960.png */ = {isa = PBXFileReference; lastKnownFileType = image.png; path = "RippleLaunchScreen@960.png"; sourceTree = "<group>"; };
		D8BA38FC18F5C502003E7432 /* plus@2x.png */ = {isa = PBXFileReference; lastKnownFileType = image.png; path = "plus@2x.png"; sourceTree = "<group>"; };
		D8BA38FD18F5C502003E7432 /* user.png */ = {isa = PBXFileReference; lastKnownFileType = image.png; path = user.png; sourceTree = "<group>"; };
		D8BA391418F5C51D003E7432 /* ComicNeue-Angular-Bold-Oblique.ttf */ = {isa = PBXFileReference; lastKnownFileType = file; path = "ComicNeue-Angular-Bold-Oblique.ttf"; sourceTree = "<group>"; };
		D8BA391518F5C51D003E7432 /* ComicNeue-Angular-Bold.ttf */ = {isa = PBXFileReference; lastKnownFileType = file; path = "ComicNeue-Angular-Bold.ttf"; sourceTree = "<group>"; };
		D8BA391618F5C51D003E7432 /* ComicNeue-Angular-Light-Oblique.ttf */ = {isa = PBXFileReference; lastKnownFileType = file; path = "ComicNeue-Angular-Light-Oblique.ttf"; sourceTree = "<group>"; };
		D8BA391718F5C51D003E7432 /* ComicNeue-Angular-Light.ttf */ = {isa = PBXFileReference; lastKnownFileType = file; path = "ComicNeue-Angular-Light.ttf"; sourceTree = "<group>"; };
		D8BA391818F5C51D003E7432 /* ComicNeue-Angular-Regular-Oblique.ttf */ = {isa = PBXFileReference; lastKnownFileType = file; path = "ComicNeue-Angular-Regular-Oblique.ttf"; sourceTree = "<group>"; };
		D8BA391918F5C51D003E7432 /* ComicNeue-Angular-Regular.ttf */ = {isa = PBXFileReference; lastKnownFileType = file; path = "ComicNeue-Angular-Regular.ttf"; sourceTree = "<group>"; };
		D8BA391A18F5C51D003E7432 /* ComicNeue-Bold-Oblique.ttf */ = {isa = PBXFileReference; lastKnownFileType = file; path = "ComicNeue-Bold-Oblique.ttf"; sourceTree = "<group>"; };
		D8BA391B18F5C51D003E7432 /* ComicNeue-Bold.ttf */ = {isa = PBXFileReference; lastKnownFileType = file; path = "ComicNeue-Bold.ttf"; sourceTree = "<group>"; };
		D8BA391C18F5C51D003E7432 /* ComicNeue-Light-Oblique.ttf */ = {isa = PBXFileReference; lastKnownFileType = file; path = "ComicNeue-Light-Oblique.ttf"; sourceTree = "<group>"; };
		D8BA391D18F5C51D003E7432 /* ComicNeue-Light.ttf */ = {isa = PBXFileReference; lastKnownFileType = file; path = "ComicNeue-Light.ttf"; sourceTree = "<group>"; };
		D8BA391E18F5C51D003E7432 /* ComicNeue-Regular-Oblique.ttf */ = {isa = PBXFileReference; lastKnownFileType = file; path = "ComicNeue-Regular-Oblique.ttf"; sourceTree = "<group>"; };
		D8BA391F18F5C51D003E7432 /* ComicNeue-Regular.ttf */ = {isa = PBXFileReference; lastKnownFileType = file; path = "ComicNeue-Regular.ttf"; sourceTree = "<group>"; };
		D8BA392C18F5CA3D003E7432 /* UIFont+FontLookup.h */ = {isa = PBXFileReference; fileEncoding = 4; lastKnownFileType = sourcecode.c.h; path = "UIFont+FontLookup.h"; sourceTree = "<group>"; };
		D8BA392D18F5CA3D003E7432 /* UIFont+FontLookup.m */ = {isa = PBXFileReference; fileEncoding = 4; lastKnownFileType = sourcecode.c.objc; path = "UIFont+FontLookup.m"; sourceTree = "<group>"; };
		D8DDCDED18E0A2AA00648536 /* RIPGroupChatViewController.h */ = {isa = PBXFileReference; fileEncoding = 4; lastKnownFileType = sourcecode.c.h; path = RIPGroupChatViewController.h; sourceTree = "<group>"; };
		D8DDCDEE18E0A2AA00648536 /* RIPGroupChatViewController.m */ = {isa = PBXFileReference; fileEncoding = 4; lastKnownFileType = sourcecode.c.objc; path = RIPGroupChatViewController.m; sourceTree = "<group>"; };
		D8DDCDF018E0A2B500648536 /* RIPSignUpViewController.h */ = {isa = PBXFileReference; fileEncoding = 4; lastKnownFileType = sourcecode.c.h; path = RIPSignUpViewController.h; sourceTree = "<group>"; };
		D8DDCDF118E0A2B500648536 /* RIPSignUpViewController.m */ = {isa = PBXFileReference; fileEncoding = 4; lastKnownFileType = sourcecode.c.objc; path = RIPSignUpViewController.m; sourceTree = "<group>"; };
		D8DDCDF918E0C58500648536 /* RIPSettingsViewController.h */ = {isa = PBXFileReference; fileEncoding = 4; lastKnownFileType = sourcecode.c.h; path = RIPSettingsViewController.h; sourceTree = "<group>"; };
		D8DDCDFA18E0C58500648536 /* RIPSettingsViewController.m */ = {isa = PBXFileReference; fileEncoding = 4; lastKnownFileType = sourcecode.c.objc; path = RIPSettingsViewController.m; sourceTree = "<group>"; };
		D8DDCE0918E1410100648536 /* AddressBook.framework */ = {isa = PBXFileReference; lastKnownFileType = wrapper.framework; name = AddressBook.framework; path = System/Library/Frameworks/AddressBook.framework; sourceTree = SDKROOT; };
		D8DDCE0B18E1508900648536 /* RIPInviteContactsTableViewController.h */ = {isa = PBXFileReference; fileEncoding = 4; lastKnownFileType = sourcecode.c.h; path = RIPInviteContactsTableViewController.h; sourceTree = "<group>"; };
		D8DDCE0C18E1508900648536 /* RIPInviteContactsTableViewController.m */ = {isa = PBXFileReference; fileEncoding = 4; lastKnownFileType = sourcecode.c.objc; path = RIPInviteContactsTableViewController.m; sourceTree = "<group>"; };
		D8DDCE1518E1E89000648536 /* RIPPeopleAroundData.h */ = {isa = PBXFileReference; fileEncoding = 4; lastKnownFileType = sourcecode.c.h; path = RIPPeopleAroundData.h; sourceTree = "<group>"; };
		D8DDCE1618E1E89000648536 /* RIPPeopleAroundData.m */ = {isa = PBXFileReference; fileEncoding = 4; lastKnownFileType = sourcecode.c.objc; path = RIPPeopleAroundData.m; sourceTree = "<group>"; };
		D8DDCE1918E1E91100648536 /* RIPPerson.h */ = {isa = PBXFileReference; fileEncoding = 4; lastKnownFileType = sourcecode.c.h; path = RIPPerson.h; sourceTree = "<group>"; };
		D8DDCE1A18E1E91100648536 /* RIPPerson.m */ = {isa = PBXFileReference; fileEncoding = 4; lastKnownFileType = sourcecode.c.objc; path = RIPPerson.m; sourceTree = "<group>"; };
		D8DDCE4218E35B8200648536 /* MessageUI.framework */ = {isa = PBXFileReference; lastKnownFileType = wrapper.framework; name = MessageUI.framework; path = System/Library/Frameworks/MessageUI.framework; sourceTree = SDKROOT; };
		D8DDCE4418E3633100648536 /* RIPSaveImage.h */ = {isa = PBXFileReference; fileEncoding = 4; lastKnownFileType = sourcecode.c.h; path = RIPSaveImage.h; sourceTree = "<group>"; };
		D8DDCE4518E3633100648536 /* RIPSaveImage.m */ = {isa = PBXFileReference; fileEncoding = 4; lastKnownFileType = sourcecode.c.objc; path = RIPSaveImage.m; sourceTree = "<group>"; };
		D8DDCE4818E37B3500648536 /* PFFile+UIImageHelper.h */ = {isa = PBXFileReference; fileEncoding = 4; lastKnownFileType = sourcecode.c.h; path = "PFFile+UIImageHelper.h"; sourceTree = "<group>"; };
		D8DDCE4918E37B3500648536 /* PFFile+UIImageHelper.m */ = {isa = PBXFileReference; fileEncoding = 4; lastKnownFileType = sourcecode.c.objc; path = "PFFile+UIImageHelper.m"; sourceTree = "<group>"; };
		D8EEB98318ECA9D700EA0E45 /* RIPProfileViewController.h */ = {isa = PBXFileReference; fileEncoding = 4; lastKnownFileType = sourcecode.c.h; path = RIPProfileViewController.h; sourceTree = "<group>"; };
		D8EEB98418ECA9D700EA0E45 /* RIPProfileViewController.m */ = {isa = PBXFileReference; fileEncoding = 4; lastKnownFileType = sourcecode.c.objc; path = RIPProfileViewController.m; sourceTree = "<group>"; };
		D8EEB98618ECBF8100EA0E45 /* RIPChatData.h */ = {isa = PBXFileReference; fileEncoding = 4; lastKnownFileType = sourcecode.c.h; path = RIPChatData.h; sourceTree = "<group>"; };
		D8EEB98718ECBF8100EA0E45 /* RIPChatData.m */ = {isa = PBXFileReference; fileEncoding = 4; lastKnownFileType = sourcecode.c.objc; path = RIPChatData.m; sourceTree = "<group>"; };
		D8EEB98918ECFE7D00EA0E45 /* CoreVideo.framework */ = {isa = PBXFileReference; lastKnownFileType = wrapper.framework; name = CoreVideo.framework; path = System/Library/Frameworks/CoreVideo.framework; sourceTree = SDKROOT; };
		D8EEB98B18ECFEC500EA0E45 /* CoreImage.framework */ = {isa = PBXFileReference; lastKnownFileType = wrapper.framework; name = CoreImage.framework; path = System/Library/Frameworks/CoreImage.framework; sourceTree = SDKROOT; };
		D8EEB98D18ECFED400EA0E45 /* AssetsLibrary.framework */ = {isa = PBXFileReference; lastKnownFileType = wrapper.framework; name = AssetsLibrary.framework; path = System/Library/Frameworks/AssetsLibrary.framework; sourceTree = SDKROOT; };
		D8EEB98F18ECFEDE00EA0E45 /* AVFoundation.framework */ = {isa = PBXFileReference; lastKnownFileType = wrapper.framework; name = AVFoundation.framework; path = System/Library/Frameworks/AVFoundation.framework; sourceTree = SDKROOT; };
		D8EEB99118ED089900EA0E45 /* Profile.xib */ = {isa = PBXFileReference; fileEncoding = 4; lastKnownFileType = file.xib; path = Profile.xib; sourceTree = "<group>"; };
/* End PBXFileReference section */

/* Begin PBXFrameworksBuildPhase section */
		D81B512318DE69BF00E73E6C /* Frameworks */ = {
			isa = PBXFrameworksBuildPhase;
			buildActionMask = 2147483647;
			files = (
				D8A9AF28190074AC00D16B57 /* libTestFlight.a in Frameworks */,
				D812F68C1900130800025449 /* libz.dylib in Frameworks */,
				D8EEB99018ECFEDE00EA0E45 /* AVFoundation.framework in Frameworks */,
				D8EEB98E18ECFED400EA0E45 /* AssetsLibrary.framework in Frameworks */,
				D8DDCE4318E35B8200648536 /* MessageUI.framework in Frameworks */,
				D8DDCE0A18E1410100648536 /* AddressBook.framework in Frameworks */,
				D81B512C18DE69BF00E73E6C /* CoreGraphics.framework in Frameworks */,
				D81B512E18DE69BF00E73E6C /* UIKit.framework in Frameworks */,
				D81B512A18DE69BF00E73E6C /* Foundation.framework in Frameworks */,
				B1889F0A1317427DB721A6BB /* libPods.a in Frameworks */,
			);
			runOnlyForDeploymentPostprocessing = 0;
		};
		D81B513E18DE69BF00E73E6C /* Frameworks */ = {
			isa = PBXFrameworksBuildPhase;
			buildActionMask = 2147483647;
			files = (
				D81B514318DE69BF00E73E6C /* XCTest.framework in Frameworks */,
				D81B514518DE69BF00E73E6C /* UIKit.framework in Frameworks */,
				D81B514418DE69BF00E73E6C /* Foundation.framework in Frameworks */,
			);
			runOnlyForDeploymentPostprocessing = 0;
		};
/* End PBXFrameworksBuildPhase section */

/* Begin PBXGroup section */
		D812F681190012CF00025449 /* TestFlightSDK3.0.0 (2) */ = {
			isa = PBXGroup;
			children = (
				D812F682190012CF00025449 /* libTestFlight.a */,
				D812F683190012CF00025449 /* README.md */,
				D812F684190012CF00025449 /* release_notes.md */,
				D812F685190012CF00025449 /* TestFlight+AsyncLogging.h */,
				D812F686190012CF00025449 /* TestFlight+ManualSessions.h */,
				D812F687190012CF00025449 /* TestFlight.h */,
			);
			path = "TestFlightSDK3.0.0 (2)";
			sourceTree = "<group>";
		};
		D81B511D18DE69BF00E73E6C = {
			isa = PBXGroup;
			children = (
				D81B512F18DE69BF00E73E6C /* Ripple */,
				D81B514818DE69BF00E73E6C /* RippleTests */,
				D81B512818DE69BF00E73E6C /* Frameworks */,
				D81B512718DE69BF00E73E6C /* Products */,
				4C2A7A3C27C54E39B75E3ECC /* Pods.xcconfig */,
			);
			sourceTree = "<group>";
		};
		D81B512718DE69BF00E73E6C /* Products */ = {
			isa = PBXGroup;
			children = (
				D81B512618DE69BF00E73E6C /* Ripple.app */,
				D81B514118DE69BF00E73E6C /* RippleTests.xctest */,
			);
			name = Products;
			sourceTree = "<group>";
		};
		D81B512818DE69BF00E73E6C /* Frameworks */ = {
			isa = PBXGroup;
			children = (
				D8A9AF27190074AC00D16B57 /* libTestFlight.a */,
				D8A9AF25190073B500D16B57 /* libTestFlight.a */,
				D812F68B1900130800025449 /* libz.dylib */,
				D812F681190012CF00025449 /* TestFlightSDK3.0.0 (2) */,
				D8EEB98F18ECFEDE00EA0E45 /* AVFoundation.framework */,
				D8EEB98D18ECFED400EA0E45 /* AssetsLibrary.framework */,
				D8EEB98B18ECFEC500EA0E45 /* CoreImage.framework */,
				D8EEB98918ECFE7D00EA0E45 /* CoreVideo.framework */,
				D8DDCE4218E35B8200648536 /* MessageUI.framework */,
				D8DDCE0918E1410100648536 /* AddressBook.framework */,
				D81B512918DE69BF00E73E6C /* Foundation.framework */,
				D81B512B18DE69BF00E73E6C /* CoreGraphics.framework */,
				D81B512D18DE69BF00E73E6C /* UIKit.framework */,
				D81B514218DE69BF00E73E6C /* XCTest.framework */,
				830337E9E1DF4B36A6C443A6 /* libPods.a */,
			);
			name = Frameworks;
			sourceTree = "<group>";
		};
		D81B512F18DE69BF00E73E6C /* Ripple */ = {
			isa = PBXGroup;
			children = (
				D81B513818DE69BF00E73E6C /* RIPAppDelegate.h */,
				D81B513918DE69BF00E73E6C /* RIPAppDelegate.m */,
				D8DDCE1818E1E89500648536 /* Models */,
				D8DDCE1418E1E82700648536 /* Views */,
				D8DDCDF318E0A2C000648536 /* Controllers */,
				D8DDCE4718E3633600648536 /* Utilities */,
				D81B513B18DE69BF00E73E6C /* Images.xcassets */,
				D8BA38E618F5C502003E7432 /* Resources */,
				D81B513018DE69BF00E73E6C /* Supporting Files */,
			);
			path = Ripple;
			sourceTree = "<group>";
		};
		D81B513018DE69BF00E73E6C /* Supporting Files */ = {
			isa = PBXGroup;
			children = (
				D81B513118DE69BF00E73E6C /* Ripple-Info.plist */,
				D81B513218DE69BF00E73E6C /* InfoPlist.strings */,
				D81B513518DE69BF00E73E6C /* main.m */,
				D81B513718DE69BF00E73E6C /* Ripple-Prefix.pch */,
			);
			name = "Supporting Files";
			sourceTree = "<group>";
		};
		D81B514818DE69BF00E73E6C /* RippleTests */ = {
			isa = PBXGroup;
			children = (
				D81B514E18DE69BF00E73E6C /* RippleTests.m */,
				D81B514918DE69BF00E73E6C /* Supporting Files */,
			);
			path = RippleTests;
			sourceTree = "<group>";
		};
		D81B514918DE69BF00E73E6C /* Supporting Files */ = {
			isa = PBXGroup;
			children = (
				D81B514A18DE69BF00E73E6C /* RippleTests-Info.plist */,
				D81B514B18DE69BF00E73E6C /* InfoPlist.strings */,
			);
			name = "Supporting Files";
			sourceTree = "<group>";
		};
		D8BA38E618F5C502003E7432 /* Resources */ = {
			isa = PBXGroup;
			children = (
				D8BA38E718F5C502003E7432 /* App Icon */,
				D8BA38F818F5C502003E7432 /* cog.png */,
				D8BA391318F5C51D003E7432 /* Comic Neue */,
				D8BA38F918F5C502003E7432 /* Launch Screen */,
				D8BA38FC18F5C502003E7432 /* plus@2x.png */,
				D8BA38FD18F5C502003E7432 /* user.png */,
			);
			path = Resources;
			sourceTree = "<group>";
		};
		D8BA38E718F5C502003E7432 /* App Icon */ = {
			isa = PBXGroup;
			children = (
				D8BA38E818F5C502003E7432 /* AppIcon29x29.png */,
				D8BA38E918F5C502003E7432 /* AppIcon29x29@2x.png */,
				D8BA38EA18F5C502003E7432 /* AppIcon40x40.png */,
				D8BA38EB18F5C502003E7432 /* AppIcon40x40@2x.png */,
				D8BA38EC18F5C502003E7432 /* AppIcon50x50.png */,
				D8BA38ED18F5C502003E7432 /* AppIcon50x50@2x.png */,
				D8BA38EE18F5C502003E7432 /* AppIcon57x57.png */,
				D8BA38EF18F5C502003E7432 /* AppIcon57x57@2x.png */,
				D8BA38F018F5C502003E7432 /* AppIcon60x60.png */,
				D8BA38F118F5C502003E7432 /* AppIcon60x60@2x.png */,
				D8BA38F218F5C502003E7432 /* AppIcon72x72.png */,
				D8BA38F318F5C502003E7432 /* AppIcon72x72@2x.png */,
				D8BA38F418F5C502003E7432 /* AppIcon76x76.png */,
				D8BA38F518F5C502003E7432 /* AppIcon76x76@2x.png */,
				D8BA38F618F5C502003E7432 /* iTunesArtwork.png */,
				D8BA38F718F5C502003E7432 /* iTunesArtwork@2x.png */,
			);
			path = "App Icon";
			sourceTree = "<group>";
		};
		D8BA38F918F5C502003E7432 /* Launch Screen */ = {
			isa = PBXGroup;
			children = (
				D8BA38FA18F5C502003E7432 /* RippleLaunchScreen@1136.png */,
				D8BA38FB18F5C502003E7432 /* RippleLaunchScreen@960.png */,
			);
			path = "Launch Screen";
			sourceTree = "<group>";
		};
		D8BA391318F5C51D003E7432 /* Comic Neue */ = {
			isa = PBXGroup;
			children = (
				D8BA391418F5C51D003E7432 /* ComicNeue-Angular-Bold-Oblique.ttf */,
				D8BA391518F5C51D003E7432 /* ComicNeue-Angular-Bold.ttf */,
				D8BA391618F5C51D003E7432 /* ComicNeue-Angular-Light-Oblique.ttf */,
				D8BA391718F5C51D003E7432 /* ComicNeue-Angular-Light.ttf */,
				D8BA391818F5C51D003E7432 /* ComicNeue-Angular-Regular-Oblique.ttf */,
				D8BA391918F5C51D003E7432 /* ComicNeue-Angular-Regular.ttf */,
				D8BA391A18F5C51D003E7432 /* ComicNeue-Bold-Oblique.ttf */,
				D8BA391B18F5C51D003E7432 /* ComicNeue-Bold.ttf */,
				D8BA391C18F5C51D003E7432 /* ComicNeue-Light-Oblique.ttf */,
				D8BA391D18F5C51D003E7432 /* ComicNeue-Light.ttf */,
				D8BA391E18F5C51D003E7432 /* ComicNeue-Regular-Oblique.ttf */,
				D8BA391F18F5C51D003E7432 /* ComicNeue-Regular.ttf */,
			);
			path = "Comic Neue";
			sourceTree = "<group>";
		};
		D8DDCDF318E0A2C000648536 /* Controllers */ = {
			isa = PBXGroup;
			children = (
				D8DDCE0B18E1508900648536 /* RIPInviteContactsTableViewController.h */,
				D8DDCE0C18E1508900648536 /* RIPInviteContactsTableViewController.m */,
				D8DDCDED18E0A2AA00648536 /* RIPGroupChatViewController.h */,
				D8DDCDEE18E0A2AA00648536 /* RIPGroupChatViewController.m */,
				D8EEB98318ECA9D700EA0E45 /* RIPProfileViewController.h */,
				D8EEB98418ECA9D700EA0E45 /* RIPProfileViewController.m */,
				D8DDCDF918E0C58500648536 /* RIPSettingsViewController.h */,
				D8DDCDFA18E0C58500648536 /* RIPSettingsViewController.m */,
				D8DDCDF018E0A2B500648536 /* RIPSignUpViewController.h */,
				D8DDCDF118E0A2B500648536 /* RIPSignUpViewController.m */,
			);
			name = Controllers;
			sourceTree = "<group>";
		};
		D8DDCE1418E1E82700648536 /* Views */ = {
			isa = PBXGroup;
			children = (
				D812F68D19002C1E00025449 /* Settings.xib */,
				D8EEB99118ED089900EA0E45 /* Profile.xib */,
				D82F25B518EE687C00AC025C /* SignUp.xib */,
			);
			name = Views;
			sourceTree = "<group>";
		};
		D8DDCE1818E1E89500648536 /* Models */ = {
			isa = PBXGroup;
			children = (
				D8DDCE1518E1E89000648536 /* RIPPeopleAroundData.h */,
				D8DDCE1618E1E89000648536 /* RIPPeopleAroundData.m */,
				D8DDCE1918E1E91100648536 /* RIPPerson.h */,
				D8DDCE1A18E1E91100648536 /* RIPPerson.m */,
				D8EEB98618ECBF8100EA0E45 /* RIPChatData.h */,
				D8EEB98718ECBF8100EA0E45 /* RIPChatData.m */,
				D812F67E18FF8A8900025449 /* RIPFacesById.h */,
				D812F67F18FF8A8900025449 /* RIPFacesById.m */,
			);
			name = Models;
			sourceTree = "<group>";
		};
		D8DDCE4718E3633600648536 /* Utilities */ = {
			isa = PBXGroup;
			children = (
				D8DDCE4818E37B3500648536 /* PFFile+UIImageHelper.h */,
				D8DDCE4918E37B3500648536 /* PFFile+UIImageHelper.m */,
				D8DDCE4418E3633100648536 /* RIPSaveImage.h */,
				D8DDCE4518E3633100648536 /* RIPSaveImage.m */,
				D8BA392C18F5CA3D003E7432 /* UIFont+FontLookup.h */,
				D8BA392D18F5CA3D003E7432 /* UIFont+FontLookup.m */,
			);
			name = Utilities;
			sourceTree = "<group>";
		};
/* End PBXGroup section */

/* Begin PBXNativeTarget section */
		D81B512518DE69BF00E73E6C /* Ripple */ = {
			isa = PBXNativeTarget;
			buildConfigurationList = D81B515218DE69BF00E73E6C /* Build configuration list for PBXNativeTarget "Ripple" */;
			buildPhases = (
				CB876FE091174DA7AD4C2AC5 /* Check Pods Manifest.lock */,
				D81B512218DE69BF00E73E6C /* Sources */,
				D81B512318DE69BF00E73E6C /* Frameworks */,
				D81B512418DE69BF00E73E6C /* Resources */,
				364D6FCE0E274438AF68DAAD /* Copy Pods Resources */,
			);
			buildRules = (
			);
			dependencies = (
			);
			name = Ripple;
			productName = Ripple;
			productReference = D81B512618DE69BF00E73E6C /* Ripple.app */;
			productType = "com.apple.product-type.application";
		};
		D81B514018DE69BF00E73E6C /* RippleTests */ = {
			isa = PBXNativeTarget;
			buildConfigurationList = D81B515518DE69BF00E73E6C /* Build configuration list for PBXNativeTarget "RippleTests" */;
			buildPhases = (
				D81B513D18DE69BF00E73E6C /* Sources */,
				D81B513E18DE69BF00E73E6C /* Frameworks */,
				D81B513F18DE69BF00E73E6C /* Resources */,
			);
			buildRules = (
			);
			dependencies = (
				D81B514718DE69BF00E73E6C /* PBXTargetDependency */,
			);
			name = RippleTests;
			productName = RippleTests;
			productReference = D81B514118DE69BF00E73E6C /* RippleTests.xctest */;
			productType = "com.apple.product-type.bundle.unit-test";
		};
/* End PBXNativeTarget section */

/* Begin PBXProject section */
		D81B511E18DE69BF00E73E6C /* Project object */ = {
			isa = PBXProject;
			attributes = {
				CLASSPREFIX = RIP;
				LastUpgradeCheck = 0510;
				ORGANIZATIONNAME = "Joe Newbry";
				TargetAttributes = {
					D81B514018DE69BF00E73E6C = {
						TestTargetID = D81B512518DE69BF00E73E6C;
					};
				};
			};
			buildConfigurationList = D81B512118DE69BF00E73E6C /* Build configuration list for PBXProject "Ripple" */;
			compatibilityVersion = "Xcode 3.2";
			developmentRegion = English;
			hasScannedForEncodings = 0;
			knownRegions = (
				en,
			);
			mainGroup = D81B511D18DE69BF00E73E6C;
			productRefGroup = D81B512718DE69BF00E73E6C /* Products */;
			projectDirPath = "";
			projectRoot = "";
			targets = (
				D81B512518DE69BF00E73E6C /* Ripple */,
				D81B514018DE69BF00E73E6C /* RippleTests */,
			);
		};
/* End PBXProject section */

/* Begin PBXResourcesBuildPhase section */
		D81B512418DE69BF00E73E6C /* Resources */ = {
			isa = PBXResourcesBuildPhase;
			buildActionMask = 2147483647;
			files = (
				D81B513418DE69BF00E73E6C /* InfoPlist.strings in Resources */,
				D8EEB99218ED089900EA0E45 /* Profile.xib in Resources */,
				D8BA392A18F5C51D003E7432 /* ComicNeue-Regular-Oblique.ttf in Resources */,
				D8BA390118F5C502003E7432 /* AppIcon40x40@2x.png in Resources */,
				D8BA392418F5C51D003E7432 /* ComicNeue-Angular-Regular-Oblique.ttf in Resources */,
				D8BA391018F5C502003E7432 /* RippleLaunchScreen@960.png in Resources */,
				D8BA38FE18F5C502003E7432 /* AppIcon29x29.png in Resources */,
				D8BA392218F5C51D003E7432 /* ComicNeue-Angular-Light-Oblique.ttf in Resources */,
				D8BA392318F5C51D003E7432 /* ComicNeue-Angular-Light.ttf in Resources */,
				D8BA392118F5C51D003E7432 /* ComicNeue-Angular-Bold.ttf in Resources */,
				D8BA390A18F5C502003E7432 /* AppIcon76x76.png in Resources */,
				D8BA390918F5C502003E7432 /* AppIcon72x72@2x.png in Resources */,
				D81B513C18DE69BF00E73E6C /* Images.xcassets in Resources */,
				D8BA38FF18F5C502003E7432 /* AppIcon29x29@2x.png in Resources */,
				D812F68E19002C1E00025449 /* Settings.xib in Resources */,
				D8BA390518F5C502003E7432 /* AppIcon57x57@2x.png in Resources */,
				D8BA390C18F5C502003E7432 /* iTunesArtwork.png in Resources */,
				D8BA391218F5C502003E7432 /* user.png in Resources */,
				D8BA390418F5C502003E7432 /* AppIcon57x57.png in Resources */,
				D8BA390D18F5C502003E7432 /* iTunesArtwork@2x.png in Resources */,
				D82F25B618EE687C00AC025C /* SignUp.xib in Resources */,
				D8BA390018F5C502003E7432 /* AppIcon40x40.png in Resources */,
				D8BA390818F5C502003E7432 /* AppIcon72x72.png in Resources */,
				D8BA392B18F5C51D003E7432 /* ComicNeue-Regular.ttf in Resources */,
				D8BA390718F5C502003E7432 /* AppIcon60x60@2x.png in Resources */,
				D812F68A190012CF00025449 /* release_notes.md in Resources */,
				D8BA390F18F5C502003E7432 /* RippleLaunchScreen@1136.png in Resources */,
				D8BA390B18F5C502003E7432 /* AppIcon76x76@2x.png in Resources */,
				D8BA392818F5C51D003E7432 /* ComicNeue-Light-Oblique.ttf in Resources */,
				D8BA392518F5C51D003E7432 /* ComicNeue-Angular-Regular.ttf in Resources */,
				D8BA390318F5C502003E7432 /* AppIcon50x50@2x.png in Resources */,
				D8BA392918F5C51D003E7432 /* ComicNeue-Light.ttf in Resources */,
				D8BA392618F5C51D003E7432 /* ComicNeue-Bold-Oblique.ttf in Resources */,
				D8BA392718F5C51D003E7432 /* ComicNeue-Bold.ttf in Resources */,
				D812F689190012CF00025449 /* README.md in Resources */,
				D8BA392018F5C51D003E7432 /* ComicNeue-Angular-Bold-Oblique.ttf in Resources */,
				D8BA391118F5C502003E7432 /* plus@2x.png in Resources */,
				D8BA390E18F5C502003E7432 /* cog.png in Resources */,
				D8BA390618F5C502003E7432 /* AppIcon60x60.png in Resources */,
				D8BA390218F5C502003E7432 /* AppIcon50x50.png in Resources */,
			);
			runOnlyForDeploymentPostprocessing = 0;
		};
		D81B513F18DE69BF00E73E6C /* Resources */ = {
			isa = PBXResourcesBuildPhase;
			buildActionMask = 2147483647;
			files = (
				D81B514D18DE69BF00E73E6C /* InfoPlist.strings in Resources */,
			);
			runOnlyForDeploymentPostprocessing = 0;
		};
/* End PBXResourcesBuildPhase section */

/* Begin PBXShellScriptBuildPhase section */
		364D6FCE0E274438AF68DAAD /* Copy Pods Resources */ = {
			isa = PBXShellScriptBuildPhase;
			buildActionMask = 2147483647;
			files = (
			);
			inputPaths = (
			);
			name = "Copy Pods Resources";
			outputPaths = (
			);
			runOnlyForDeploymentPostprocessing = 0;
			shellPath = /bin/sh;
			shellScript = "\"${SRCROOT}/Pods/Pods-resources.sh\"\n";
			showEnvVarsInLog = 0;
		};
		CB876FE091174DA7AD4C2AC5 /* Check Pods Manifest.lock */ = {
			isa = PBXShellScriptBuildPhase;
			buildActionMask = 2147483647;
			files = (
			);
			inputPaths = (
			);
			name = "Check Pods Manifest.lock";
			outputPaths = (
			);
			runOnlyForDeploymentPostprocessing = 0;
			shellPath = /bin/sh;
			shellScript = "diff \"${PODS_ROOT}/../Podfile.lock\" \"${PODS_ROOT}/Manifest.lock\" > /dev/null\nif [[ $? != 0 ]] ; then\n    cat << EOM\nerror: The sandbox is not in sync with the Podfile.lock. Run 'pod install' or update your CocoaPods installation.\nEOM\n    exit 1\nfi\n";
			showEnvVarsInLog = 0;
		};
/* End PBXShellScriptBuildPhase section */

/* Begin PBXSourcesBuildPhase section */
		D81B512218DE69BF00E73E6C /* Sources */ = {
			isa = PBXSourcesBuildPhase;
			buildActionMask = 2147483647;
			files = (
				D812F68018FF8A8900025449 /* RIPFacesById.m in Sources */,
				D8DDCDF218E0A2B500648536 /* RIPSignUpViewController.m in Sources */,
				D8DDCE1718E1E89000648536 /* RIPPeopleAroundData.m in Sources */,
				D8DDCE0D18E1508900648536 /* RIPInviteContactsTableViewController.m in Sources */,
				D8EEB98518ECA9D700EA0E45 /* RIPProfileViewController.m in Sources */,
				D8BA392E18F5CA3D003E7432 /* UIFont+FontLookup.m in Sources */,
				D8DDCE4618E3633100648536 /* RIPSaveImage.m in Sources */,
				D8DDCE1B18E1E91100648536 /* RIPPerson.m in Sources */,
				D81B513A18DE69BF00E73E6C /* RIPAppDelegate.m in Sources */,
				D81B513618DE69BF00E73E6C /* main.m in Sources */,
				D8DDCDFB18E0C58500648536 /* RIPSettingsViewController.m in Sources */,
				D8DDCDEF18E0A2AA00648536 /* RIPGroupChatViewController.m in Sources */,
				D8EEB98818ECBF8100EA0E45 /* RIPChatData.m in Sources */,
				D8DDCE4A18E37B3500648536 /* PFFile+UIImageHelper.m in Sources */,
			);
			runOnlyForDeploymentPostprocessing = 0;
		};
		D81B513D18DE69BF00E73E6C /* Sources */ = {
			isa = PBXSourcesBuildPhase;
			buildActionMask = 2147483647;
			files = (
				D81B514F18DE69BF00E73E6C /* RippleTests.m in Sources */,
			);
			runOnlyForDeploymentPostprocessing = 0;
		};
/* End PBXSourcesBuildPhase section */

/* Begin PBXTargetDependency section */
		D81B514718DE69BF00E73E6C /* PBXTargetDependency */ = {
			isa = PBXTargetDependency;
			target = D81B512518DE69BF00E73E6C /* Ripple */;
			targetProxy = D81B514618DE69BF00E73E6C /* PBXContainerItemProxy */;
		};
/* End PBXTargetDependency section */

/* Begin PBXVariantGroup section */
		D81B513218DE69BF00E73E6C /* InfoPlist.strings */ = {
			isa = PBXVariantGroup;
			children = (
				D81B513318DE69BF00E73E6C /* en */,
			);
			name = InfoPlist.strings;
			sourceTree = "<group>";
		};
		D81B514B18DE69BF00E73E6C /* InfoPlist.strings */ = {
			isa = PBXVariantGroup;
			children = (
				D81B514C18DE69BF00E73E6C /* en */,
			);
			name = InfoPlist.strings;
			sourceTree = "<group>";
		};
/* End PBXVariantGroup section */

/* Begin XCBuildConfiguration section */
		D81B515018DE69BF00E73E6C /* Debug */ = {
			isa = XCBuildConfiguration;
			buildSettings = {
				ALWAYS_SEARCH_USER_PATHS = NO;
				CLANG_CXX_LANGUAGE_STANDARD = "gnu++0x";
				CLANG_CXX_LIBRARY = "libc++";
				CLANG_ENABLE_MODULES = YES;
				CLANG_ENABLE_OBJC_ARC = YES;
				CLANG_WARN_BOOL_CONVERSION = YES;
				CLANG_WARN_CONSTANT_CONVERSION = YES;
				CLANG_WARN_DIRECT_OBJC_ISA_USAGE = YES_ERROR;
				CLANG_WARN_EMPTY_BODY = YES;
				CLANG_WARN_ENUM_CONVERSION = YES;
				CLANG_WARN_INT_CONVERSION = YES;
				CLANG_WARN_OBJC_ROOT_CLASS = YES_ERROR;
				CLANG_WARN__DUPLICATE_METHOD_MATCH = YES;
				"CODE_SIGN_IDENTITY[sdk=iphoneos*]" = "iPhone Developer";
				COPY_PHASE_STRIP = NO;
				GCC_C_LANGUAGE_STANDARD = gnu99;
				GCC_DYNAMIC_NO_PIC = NO;
				GCC_OPTIMIZATION_LEVEL = 0;
				GCC_PREPROCESSOR_DEFINITIONS = (
					"DEBUG=1",
					"$(inherited)",
				);
				GCC_SYMBOLS_PRIVATE_EXTERN = NO;
				GCC_WARN_64_TO_32_BIT_CONVERSION = YES;
				GCC_WARN_ABOUT_RETURN_TYPE = YES_ERROR;
				GCC_WARN_UNDECLARED_SELECTOR = YES;
				GCC_WARN_UNINITIALIZED_AUTOS = YES_AGGRESSIVE;
				GCC_WARN_UNUSED_FUNCTION = YES;
				GCC_WARN_UNUSED_VARIABLE = YES;
				IPHONEOS_DEPLOYMENT_TARGET = 7.1;
				ONLY_ACTIVE_ARCH = YES;
				SDKROOT = iphoneos;
			};
			name = Debug;
		};
		D81B515118DE69BF00E73E6C /* Release */ = {
			isa = XCBuildConfiguration;
			buildSettings = {
				ALWAYS_SEARCH_USER_PATHS = NO;
				CLANG_CXX_LANGUAGE_STANDARD = "gnu++0x";
				CLANG_CXX_LIBRARY = "libc++";
				CLANG_ENABLE_MODULES = YES;
				CLANG_ENABLE_OBJC_ARC = YES;
				CLANG_WARN_BOOL_CONVERSION = YES;
				CLANG_WARN_CONSTANT_CONVERSION = YES;
				CLANG_WARN_DIRECT_OBJC_ISA_USAGE = YES_ERROR;
				CLANG_WARN_EMPTY_BODY = YES;
				CLANG_WARN_ENUM_CONVERSION = YES;
				CLANG_WARN_INT_CONVERSION = YES;
				CLANG_WARN_OBJC_ROOT_CLASS = YES_ERROR;
				CLANG_WARN__DUPLICATE_METHOD_MATCH = YES;
				"CODE_SIGN_IDENTITY[sdk=iphoneos*]" = "iPhone Developer";
				COPY_PHASE_STRIP = YES;
				ENABLE_NS_ASSERTIONS = NO;
				GCC_C_LANGUAGE_STANDARD = gnu99;
				GCC_WARN_64_TO_32_BIT_CONVERSION = YES;
				GCC_WARN_ABOUT_RETURN_TYPE = YES_ERROR;
				GCC_WARN_UNDECLARED_SELECTOR = YES;
				GCC_WARN_UNINITIALIZED_AUTOS = YES_AGGRESSIVE;
				GCC_WARN_UNUSED_FUNCTION = YES;
				GCC_WARN_UNUSED_VARIABLE = YES;
				IPHONEOS_DEPLOYMENT_TARGET = 7.1;
				SDKROOT = iphoneos;
				VALIDATE_PRODUCT = YES;
			};
			name = Release;
		};
		D81B515318DE69BF00E73E6C /* Debug */ = {
			isa = XCBuildConfiguration;
			baseConfigurationReference = 4C2A7A3C27C54E39B75E3ECC /* Pods.xcconfig */;
			buildSettings = {
				ASSETCATALOG_COMPILER_APPICON_NAME = AppIcon;
				ASSETCATALOG_COMPILER_LAUNCHIMAGE_NAME = LaunchImage;
				CODE_SIGN_IDENTITY = "iPhone Developer: Joe Newbry (R3P3E236K7)";
				GCC_PRECOMPILE_PREFIX_HEADER = YES;
				GCC_PREFIX_HEADER = "Ripple/Ripple-Prefix.pch";
				INFOPLIST_FILE = "Ripple/Ripple-Info.plist";
				LIBRARY_SEARCH_PATHS = (
					"$(inherited)",
					"$(PROJECT_DIR)/TestFlightSDK3.0.0",
					"(2)",
					"$(PROJECT_DIR)/TestFlightSDK3.0.0",
					"(2)",
					/Users/joe/Downloads/TestFlightSDK3.0.0,
					"(2)",
					/Users/joe/dev/frameworks/TestFlight,
				);
				PRODUCT_NAME = Ripple;
				WRAPPER_EXTENSION = app;
			};
			name = Debug;
		};
		D81B515418DE69BF00E73E6C /* Release */ = {
			isa = XCBuildConfiguration;
			baseConfigurationReference = 4C2A7A3C27C54E39B75E3ECC /* Pods.xcconfig */;
			buildSettings = {
				ASSETCATALOG_COMPILER_APPICON_NAME = AppIcon;
				ASSETCATALOG_COMPILER_LAUNCHIMAGE_NAME = LaunchImage;
				CODE_SIGN_IDENTITY = "iPhone Distribution: Joseph  Newbry (2RCTX396VF)";
				GCC_PRECOMPILE_PREFIX_HEADER = YES;
				GCC_PREFIX_HEADER = "Ripple/Ripple-Prefix.pch";
				INFOPLIST_FILE = "Ripple/Ripple-Info.plist";
				LIBRARY_SEARCH_PATHS = (
					"$(inherited)",
					"$(PROJECT_DIR)/TestFlightSDK3.0.0",
					"(2)",
					"$(PROJECT_DIR)/TestFlightSDK3.0.0",
					"(2)",
					/Users/joe/Downloads/TestFlightSDK3.0.0,
					"(2)",
					/Users/joe/dev/frameworks/TestFlight,
				);
				PRODUCT_NAME = Ripple;
				WRAPPER_EXTENSION = app;
			};
			name = Release;
		};
		D81B515618DE69BF00E73E6C /* Debug */ = {
			isa = XCBuildConfiguration;
			buildSettings = {
				BUNDLE_LOADER = "$(BUILT_PRODUCTS_DIR)/Ripple.app/Ripple";
				FRAMEWORK_SEARCH_PATHS = (
					"$(SDKROOT)/Developer/Library/Frameworks",
					"$(inherited)",
					"$(DEVELOPER_FRAMEWORKS_DIR)",
				);
				GCC_PRECOMPILE_PREFIX_HEADER = YES;
				GCC_PREFIX_HEADER = "Ripple/Ripple-Prefix.pch";
				GCC_PREPROCESSOR_DEFINITIONS = (
					"DEBUG=1",
					"$(inherited)",
				);
				INFOPLIST_FILE = "RippleTests/RippleTests-Info.plist";
				PRODUCT_NAME = RippleTests;
				TEST_HOST = "$(BUNDLE_LOADER)";
				WRAPPER_EXTENSION = xctest;
			};
			name = Debug;
		};
		D81B515718DE69BF00E73E6C /* Release */ = {
			isa = XCBuildConfiguration;
			buildSettings = {
				BUNDLE_LOADER = "$(BUILT_PRODUCTS_DIR)/Ripple.app/Ripple";
				FRAMEWORK_SEARCH_PATHS = (
					"$(SDKROOT)/Developer/Library/Frameworks",
					"$(inherited)",
					"$(DEVELOPER_FRAMEWORKS_DIR)",
				);
				GCC_PRECOMPILE_PREFIX_HEADER = YES;
				GCC_PREFIX_HEADER = "Ripple/Ripple-Prefix.pch";
				INFOPLIST_FILE = "RippleTests/RippleTests-Info.plist";
				PRODUCT_NAME = RippleTests;
				TEST_HOST = "$(BUNDLE_LOADER)";
				WRAPPER_EXTENSION = xctest;
			};
			name = Release;
		};
/* End XCBuildConfiguration section */

/* Begin XCConfigurationList section */
		D81B512118DE69BF00E73E6C /* Build configuration list for PBXProject "Ripple" */ = {
			isa = XCConfigurationList;
			buildConfigurations = (
				D81B515018DE69BF00E73E6C /* Debug */,
				D81B515118DE69BF00E73E6C /* Release */,
			);
			defaultConfigurationIsVisible = 0;
			defaultConfigurationName = Release;
		};
		D81B515218DE69BF00E73E6C /* Build configuration list for PBXNativeTarget "Ripple" */ = {
			isa = XCConfigurationList;
			buildConfigurations = (
				D81B515318DE69BF00E73E6C /* Debug */,
				D81B515418DE69BF00E73E6C /* Release */,
			);
			defaultConfigurationIsVisible = 0;
			defaultConfigurationName = Release;
		};
		D81B515518DE69BF00E73E6C /* Build configuration list for PBXNativeTarget "RippleTests" */ = {
			isa = XCConfigurationList;
			buildConfigurations = (
				D81B515618DE69BF00E73E6C /* Debug */,
				D81B515718DE69BF00E73E6C /* Release */,
			);
			defaultConfigurationIsVisible = 0;
			defaultConfigurationName = Release;
		};
/* End XCConfigurationList section */
	};
	rootObject = D81B511E18DE69BF00E73E6C /* Project object */;
}
